PODS:
  - Action (3.9.1):
    - RxCocoa (~> 4.3)
    - RxSwift (~> 4.3)
  - Alamofire (4.7.3)
  - Bugly (2.5.0)
  - CocoaAsyncSocket (7.6.3)
  - CocoaDebug (0.1.5)
  - Differentiator (3.1.0)
  - Dollar (7.1.0)
  - EAIntroView (2.12.0):
    - EARestrictedScrollView (~> 1.1.0)
  - EARestrictedScrollView (1.1.0)
  - Eureka (4.3.0)
  - FLAnimatedImage (1.0.12)
  - FSPagerView (0.8.1)
  - JCore (1.2.5)
  - JPush (3.1.1.1):
    - JCore (~> 1.2.5)
  - JustLog (2.4.1):
    - CocoaAsyncSocket (~> 7.6.3)
    - SwiftyBeaver (~> 1.5.2)
  - JWTDecode (2.1.1)
  - Layout (0.6.32):
    - Layout/Core (= 0.6.32)
  - Layout/Core (0.6.32)
  - Moya (11.0.2):
    - Moya/Core (= 11.0.2)
  - Moya-ObjectMapper/Core (2.7):
    - Moya (~> 11)
    - ObjectMapper (~> 3.3)
  - Moya-ObjectMapper/RxSwift (2.7):
    - Moya-ObjectMapper/Core
    - RxSwift (~> 4.1)
  - Moya/Core (11.0.2):
    - Alamofire (~> 4.1)
    - Result (~> 3.0)
  - Moya/RxSwift (11.0.2):
    - Moya/Core
    - RxSwift (~> 4.0)
  - ObjectMapper (3.3.0)
  - p2.OAuth2 (4.0.1)
  - PINCache (2.3)
  - PINRemoteImage (2.1.4):
    - PINRemoteImage/FLAnimatedImage (= 2.1.4)
  - PINRemoteImage/Core (2.1.4):
    - PINCache (>= 2.1)
  - PINRemoteImage/FLAnimatedImage (2.1.4):
    - FLAnimatedImage (>= 1.0)
    - PINRemoteImage/Core
  - PMAlertController (3.5.0)
  - pop (1.0.12)
  - PullToRefreshKit (0.8.8)
  - ReactorKit (1.2.1):
    - RxSwift (>= 4.0.0)
  - Result (3.2.4)
  - Reveal-SDK (19)
  - RxCocoa (4.3.1):
    - RxSwift (~> 4.0)
  - RxDataSources (3.1.0):
    - Differentiator (~> 3.0)
    - RxCocoa (~> 4.0)
    - RxSwift (~> 4.0)
  - RxGesture (2.0.1):
    - RxCocoa (~> 4.3.1)
    - RxSwift (~> 4.3.1)
  - RxOptional (3.5.0):
    - RxCocoa (~> 4.0)
    - RxSwift (~> 4.0)
  - RxQRScanner (1.4.1):
    - RxCocoa (~> 4.3)
    - RxSwift (~> 4.3)
  - RxSwift (4.3.1)
  - RxSwiftExt (3.3.0):
    - RxSwiftExt/Core (= 3.3.0)
  - RxSwiftExt/Core (3.3.0):
    - RxSwift (~> 4.0)
  - SCMSDK (0.1.0)
  - Shallows (0.9.0)
  - SnapKit (4.0.1)
  - SwiftIconFont (2.9.1)
  - SwiftyBeaver (1.5.2)
  - Swinject (2.5.0)
  - "UITextView+Placeholder (1.2.1)"
  - UMCAnalytics (5.5.2):
    - UMCCommon
  - UMCCommon (1.5.3)
  - URLNavigator (2.1.0)

DEPENDENCIES:
  - Action
  - Bugly
  - CocoaDebug (from `https://github.com/CocoaDebug/CocoaDebug`)
  - Dollar
  - EAIntroView
  - Eureka
  - FSPagerView
  - JPush
  - JustLog
  - JWTDecode (~> 2.1)
  - Layout (~> 0.6)
  - Moya-ObjectMapper/RxSwift (~> 2.7)
  - Moya/RxSwift (~> 11.0)
  - ObjectMapper (~> 3.3)
  - p2.OAuth2 (from `https://github.com/p2/OAuth2`)
  - PINRemoteImage
  - PMAlertController
  - pop (~> 1.0)
  - PullToRefreshKit
  - ReactorKit
  - Reveal-SDK
  - RxCocoa (~> 4.0)
  - RxDataSources (~> 3.0)
  - RxGesture (~> 2.0.1)
  - RxOptional
  - RxQRScanner
  - RxSwift (~> 4.0)
  - RxSwiftExt
  - SCMSDK (from `libs/SCMSDK`)
  - Shallows (from `https://github.com/dreymonde/Shallows`)
  - SnapKit (~> 4.0.0)
  - SwiftIconFont (from `https://github.com/0x73/SwiftIconFont`)
  - Swinject (~> 2.5)
  - "UITextView+Placeholder"
  - UMCAnalytics
  - UMCCommon
  - URLNavigator (~> 2.0)

SPEC REPOS:
  https://github.com/cocoapods/specs.git:
    - Action
    - Alamofire
    - Bugly
    - CocoaAsyncSocket
    - Differentiator
    - Dollar
    - EAIntroView
    - EARestrictedScrollView
    - Eureka
    - FLAnimatedImage
    - FSPagerView
    - JCore
    - JPush
    - JustLog
    - JWTDecode
    - Layout
    - Moya
    - Moya-ObjectMapper
    - ObjectMapper
    - PINCache
    - PINRemoteImage
    - PMAlertController
    - pop
    - PullToRefreshKit
    - ReactorKit
    - Result
    - Reveal-SDK
    - RxCocoa
    - RxDataSources
    - RxGesture
    - RxOptional
    - RxQRScanner
    - RxSwift
    - RxSwiftExt
    - SnapKit
    - SwiftyBeaver
    - Swinject
    - "UITextView+Placeholder"
    - UMCAnalytics
    - UMCCommon
    - URLNavigator

EXTERNAL SOURCES:
  CocoaDebug:
    :git: https://github.com/CocoaDebug/CocoaDebug
    :submodules: true
  p2.OAuth2:
    :git: https://github.com/p2/OAuth2
    :submodules: true
  SCMSDK:
    :path: libs/SCMSDK
  Shallows:
    :git: https://github.com/dreymonde/Shallows
    :submodules: true
  SwiftIconFont:
    :git: https://github.com/0x73/SwiftIconFont
    :submodules: true

CHECKOUT OPTIONS:
  CocoaDebug:
    :commit: ea53074a6fe9f2f4fe9e1f11a0af8e8c4b372288
    :git: https://github.com/CocoaDebug/CocoaDebug
    :submodules: true
  p2.OAuth2:
    :commit: e81b4bc4a3cfc3d11b62aba07241ceeb0684ac07
    :git: https://github.com/p2/OAuth2
    :submodules: true
  Shallows:
    :commit: 82f4f5d57b94ad75d63073cd89e01f49e831b9e0
    :git: https://github.com/dreymonde/Shallows
    :submodules: true
  SwiftIconFont:
    :commit: f2e03e2bb58e15deebcea494dab4a264e1a15108
    :git: https://github.com/0x73/SwiftIconFont
    :submodules: true

SPEC CHECKSUMS:
  Action: 2f461c203c480b17aa99b3bb166e4329ecff6908
  Alamofire: c7287b6e5d7da964a70935e5db17046b7fde6568
  Bugly: 3ca9f255c01025582df26f9222893b383c7e4b4e
  CocoaAsyncSocket: eafaa68a7e0ec99ead0a7b35015e0bf25d2c8987
  CocoaDebug: e3531fc0dfd6f32e6f9cacaecc88b10123b58dec
  Differentiator: be49ca3408f0ecfc761e4c7763d20c62be01b9ad
  Dollar: dc69a2997fa5df12ae7a91fec897963664c26750
  EAIntroView: 249559079ddfdbe80e5bcb755c04c3b964b2ac27
  EARestrictedScrollView: b0c2a3f92fb2610bb44d71c5e4893777c89e45ef
  Eureka: 6d711cb30ca333b4bc893110285a722ae3840114
  FLAnimatedImage: 4a0b56255d9b05f18b6dd7ee06871be5d3b89e31
  FSPagerView: 4e865526acc0b0e3077e2abb29b8d10a9f395476
  JCore: 14706de2640b25fb77dbd02332696491407f37c9
  JPush: 25dd9013fbe106082c14f9f30a82364ee98852fb
  JustLog: fd0ac5898f76de4b9ec96ffd9a6cae63cbda37b2
  JWTDecode: 83e8b381aafe27158d9f692cbdca2b12d61d460c
  Layout: 799364f35fc1881e8a73c43b48b1e334bcd301b1
  Moya: a725035953bc1c0eb1be505ab903984501d82440
  Moya-ObjectMapper: 441caa307b527331fde59e2577adc632a16f1255
  ObjectMapper: b612bf8c8e99c4dc0bb6013a51f7c27966ed5da9
  p2.OAuth2: fdc2effef37793a8f775dd4760bc4c1ea906c956
  PINCache: ce36ed282031b92fc7733ffe831f474ff80fddc2
  PINRemoteImage: 4ac4011c5caefd6befd99758e09becede05d3226
  PMAlertController: 06dab8160066fc4ce991c880e3722cd403e2926a
  pop: d582054913807fd11fd50bfe6a539d91c7e1a55a
  PullToRefreshKit: 7cc53e720e69f135cffa1a57784dfb534f0222ab
  ReactorKit: 8be57f0527ad1ac2963cd5c338274a46a01e57a3
  Result: d2d07204ce72856f1fd9130bbe42c35a7b0fea10
  Reveal-SDK: 9f0d2c6c12eb7507921e5454ac165b7aa21140a4
  RxCocoa: 78763c7b07d02455598d9fc3c1ad091a28b73635
  RxDataSources: a843bad90c29817f5923ec8163f4af2de084ceb3
  RxGesture: 26ede4ed13ffc6336d29dbd9a8dff229bdb72de7
  RxOptional: bd32ff8ca9df4177683d56ffeb618a9d4d5d5cad
  RxQRScanner: b523a276be9a5f53603b85a0efb871e7bf480180
  RxSwift: fe0fd770a43acdb7d0a53da411c9b892e69bb6e4
  RxSwiftExt: 81afb48ab0602f503147417baeb3989d64c7687d
  SCMSDK: ce94cf8a2b24657fad4b3edcf5fc7449fa38e768
  Shallows: fd53872b476c90fa1d4cb54fb735801d374e41b8
  SnapKit: 0de968a9fec17499afa29683b05d0c775b6d1c29
  SwiftIconFont: c6d0073f1fa7e03a81b6daf2d8fa8d6ac62b7711
  SwiftyBeaver: 85daaaa2b3ae6e31b7b55c99430e8b91dac088af
  Swinject: 82cdb851f63f91bba974e3eca1d69780f2f7677e
  "UITextView+Placeholder": 0c3efd97f37ea64bde7f34cc6e90fe02e87b3909
  UMCAnalytics: 6654fd3c8201ff6da5c86a3ae29cd5c8436d3b7b
  UMCCommon: 016af43c0f769feb1ae1861d65aaf2b23b89c9c7
  URLNavigator: e8cea3835b3456d7876eb728831e742273c8d209

PODFILE CHECKSUM: 004ed0b81c2830b4a2a77692e2d8834252049fc3

COCOAPODS: 1.5.3
