PODS:
  - Action (3.10.0):
    - RxCocoa (~> 4.3)
    - RxSwift (~> 4.3)
  - Bugly (2.5.0)
  - CocoaAsyncSocket (7.6.3)
  - CocoaDebug (0.5.9)
  - CocoaLumberjack (3.5.1):
    - CocoaLumberjack/Core (= 3.5.1)
  - CocoaLumberjack/Core (3.5.1)
  - Device.swift (1.2.2)
  - Differentiator (3.1.0)
  - Disk (0.4.0)
  - Dollar (8.0.0)
  - Eureka (4.3.1)
  - FLAnimatedImage (1.0.12)
  - FSPagerView (0.8.2)
  - Haptica (2.2.3)
  - HeapInspector (1.0.1):
    - HeapInspector/no-arc (= 1.0.1)
  - HeapInspector/no-arc (1.0.1)
  - JCore (1.2.6)
  - JPush (3.1.2):
    - JCore (~> 1.2.6)
  - JustLog (2.5.0):
    - CocoaAsyncSocket (~> 7.6.3)
    - SwiftyBeaver (~> 1.6.1)
  - JWTDecode (2.2.0)
  - Layout (0.6.35):
    - Layout/Core (= 0.6.35)
  - Layout/Core (0.6.35)
  - MarqueeLabel/Swift (3.2.0)
  - Masonry (1.1.0)
  - MJRefresh (3.1.15.7)
  - MonkeyKing (1.13.0)
  - NotificationBannerSwift (2.0.1):
    - MarqueeLabel/Swift (~> 3.2.0)
    - SnapKit (~> 4.2.0)
  - NVActivityIndicatorView (4.6.1):
    - NVActivityIndicatorView/Presenter (= 4.6.1)
  - NVActivityIndicatorView/Presenter (4.6.1)
  - ObjectMapper (3.4.2)
  - OHHTTPStubs/Core (6.1.0)
  - OHHTTPStubs/Default (6.1.0):
    - OHHTTPStubs/Core
    - OHHTTPStubs/JSON
    - OHHTTPStubs/NSURLSession
    - OHHTTPStubs/OHPathHelpers
  - OHHTTPStubs/JSON (6.1.0):
    - OHHTTPStubs/Core
  - OHHTTPStubs/NSURLSession (6.1.0):
    - OHHTTPStubs/Core
  - OHHTTPStubs/OHPathHelpers (6.1.0)
  - OHHTTPStubs/Swift (6.1.0):
    - OHHTTPStubs/Default
  - p2.OAuth2 (4.2.0)
  - PINCache (2.3)
  - PinLayout (1.8.6)
  - PINRemoteImage (2.1.4):
    - PINRemoteImage/FLAnimatedImage (= 2.1.4)
  - PINRemoteImage/Core (2.1.4):
    - PINCache (>= 2.1)
  - PINRemoteImage/FLAnimatedImage (2.1.4):
    - FLAnimatedImage (>= 1.0)
    - PINRemoteImage/Core
  - PMAlertController (3.5.0)
  - QuickLayout (2.1.1)
  - ReachabilitySwift (4.3.0)
  - ReactorKit (1.2.1):
    - RxSwift (>= 4.0.0)
  - ReusableKit (2.1.0):
    - ReusableKit/Core (= 2.1.0)
  - ReusableKit/Core (2.1.0)
  - ReusableKit/RxSwift (2.1.0):
    - ReusableKit/Core
    - RxCocoa (>= 4.0.0)
    - RxSwift (>= 4.0.0)
  - Reveal-SDK (21)
  - RxAtomic (4.4.1)
  - RxCocoa (4.4.1):
    - RxSwift (~> 4.0)
  - RxDataSources (3.1.0):
    - Differentiator (~> 3.0)
    - RxCocoa (~> 4.0)
    - RxSwift (~> 4.0)
  - RxGesture (2.1.0):
    - RxCocoa (~> 4.4.0)
    - RxSwift (~> 4.4.0)
  - RxKeyboard (0.9.0):
    - RxCocoa (>= 4.3.1)
    - RxSwift (>= 4.3.1)
  - RxOptional (3.6.2):
    - RxCocoa (~> 4.0)
    - RxSwift (~> 4.0)
  - RxQRScanner (1.4.1):
    - RxCocoa (~> 4.3)
    - RxSwift (~> 4.3)
  - RxReachability (0.1.8):
    - ReachabilitySwift (~> 4.3.0)
    - RxCocoa (~> 4)
    - RxSwift (~> 4)
  - RxSwift (4.4.1):
    - RxAtomic (~> 4.4)
  - RxSwiftExt (3.4.0):
    - RxSwiftExt/Core (= 3.4.0)
    - RxSwiftExt/RxCocoa (= 3.4.0)
  - RxSwiftExt/Core (3.4.0):
    - RxSwift (~> 4.0)
  - RxSwiftExt/RxCocoa (3.4.0):
    - RxCocoa (~> 4.0)
    - RxSwiftExt/Core
  - RxWebKit (0.3.7):
    - RxCocoa (~> 4.0)
    - RxSwift (~> 4.0)
  - SHSegmentedControl (1.2.1):
    - SHSegmentedControl/SHExtension (= 1.2.1)
    - SHSegmentedControl/SHSegmentContent (= 1.2.1)
  - SHSegmentedControl/SHExtension (1.2.1)
  - SHSegmentedControl/SHSegmentContent (1.2.1):
    - Masonry
    - MJRefresh
    - SHSegmentedControl/SHExtension
  - SnapKit (4.2.0)
  - SVGKit (2.1.0):
    - CocoaLumberjack (~> 3.0)
  - SwiftEntryKit (0.8.8):
    - QuickLayout (= 2.1.1)
  - SwiftIconFont (3.0.0)
  - SwiftReorder (6.0.2)
  - SwiftyBeaver (1.6.2)
  - Swinject (2.5.0)
  - Toast-Swift (4.0.1)
  - "UITextView+Placeholder (1.2.1)"
  - UMCAnalytics (6.0.1):
    - UMCCommon
  - UMCCommon (2.0.0)
  - UMCCommonLog (1.0.0)
  - URLNavigator (2.1.0)

DEPENDENCIES:
  - Action
  - Bugly
  - CocoaDebug
  - Device.swift
  - Disk
  - Dollar
  - Eureka
  - FSPagerView
  - Haptica
  - HeapInspector
  - JPush
  - JustLog
  - JWTDecode
  - Layout (~> 0.6)
  - MarqueeLabel/Swift
  - MonkeyKing
  - NotificationBannerSwift
  - NVActivityIndicatorView
  - ObjectMapper (~> 3.3)
  - OHHTTPStubs/Swift
  - p2.OAuth2
  - PinLayout
  - PINRemoteImage
  - PMAlertController
  - ReactorKit
  - ReusableKit
  - ReusableKit/RxSwift
  - Reveal-SDK
  - RxCocoa (~> 4.0)
  - RxDataSources
  - RxGesture
  - RxKeyboard
  - RxOptional
  - RxQRScanner
  - RxReachability
  - RxSwift (~> 4.0)
  - RxSwiftExt
  - RxWebKit
  - SHSegmentedControl
  - SVGKit
  - SwiftEntryKit
  - SwiftIconFont
  - SwiftReorder
  - Swinject (~> 2.5)
  - Toast-Swift
  - "UITextView+Placeholder"
  - UMCAnalytics
  - UMCCommon
  - UMCCommonLog
  - URLNavigator (~> 2.0)

SPEC REPOS:
  https://github.com/cocoapods/specs.git:
    - Action
    - Bugly
    - CocoaAsyncSocket
    - CocoaDebug
    - CocoaLumberjack
    - Device.swift
    - Differentiator
    - Disk
    - Dollar
    - Eureka
    - FLAnimatedImage
    - FSPagerView
    - Haptica
    - HeapInspector
    - JCore
    - JPush
    - JustLog
    - JWTDecode
    - Layout
    - MarqueeLabel
    - Masonry
    - MJRefresh
    - MonkeyKing
    - NotificationBannerSwift
    - NVActivityIndicatorView
    - ObjectMapper
    - OHHTTPStubs
    - p2.OAuth2
    - PINCache
    - PinLayout
    - PINRemoteImage
    - PMAlertController
    - QuickLayout
    - ReachabilitySwift
    - ReactorKit
    - ReusableKit
    - Reveal-SDK
    - RxAtomic
    - RxCocoa
    - RxDataSources
    - RxGesture
    - RxKeyboard
    - RxOptional
    - RxQRScanner
    - RxReachability
    - RxSwift
    - RxSwiftExt
    - RxWebKit
    - SHSegmentedControl
    - SnapKit
    - SVGKit
    - SwiftEntryKit
    - SwiftIconFont
    - SwiftReorder
    - SwiftyBeaver
    - Swinject
    - Toast-Swift
    - "UITextView+Placeholder"
    - UMCAnalytics
    - UMCCommon
    - UMCCommonLog
    - URLNavigator

SPEC CHECKSUMS:
  Action: 24de4abf6efecd239fa7d8e923df010a12f153d9
  Bugly: 3ca9f255c01025582df26f9222893b383c7e4b4e
  CocoaAsyncSocket: eafaa68a7e0ec99ead0a7b35015e0bf25d2c8987
  CocoaDebug: a9340ab62aff3d42937fe789f810552a14751d52
  CocoaLumberjack: 2101f8a5508197a305e737d16c5c2e9e2157628c
  Device.swift: 3f93632bb3fa3e4ebb9b202563975177e17c4296
  Differentiator: be49ca3408f0ecfc761e4c7763d20c62be01b9ad
  Disk: ef2956657d5bb56034b38b29b352170165226440
  Dollar: 82581ff2e4e80b26ba11fad5ac7e638892522ca5
  Eureka: 28ea296f06710f6745266b71f17862048941a32d
  FLAnimatedImage: 4a0b56255d9b05f18b6dd7ee06871be5d3b89e31
  FSPagerView: 816a18842306973cc7cc6df8a5332272f7815c30
  Haptica: 9b4e210ecf506b9f96c2a7746a8d945452ec344b
  HeapInspector: 121979cf97b186616ddfcd5ec0f61db631556c7b
  JCore: cae516dd2bf1a73b578ce6e1065abd49e709e0f7
  JPush: d0cead70ba223a6a3b52749899ebda830dfbc49a
  JustLog: 24d4dbdd4d4b65fc04069f222ee34b1d9c9004cf
  JWTDecode: 85a405ab16d5473e99bd89ded1d535090ebd6a0e
  Layout: a970a8bb1cc1e5db8b1cafde341a26bf5b0c386b
  MarqueeLabel: 440a502b91a9179bd98f9fff00ba1150650a1c0e
  Masonry: 678fab65091a9290e40e2832a55e7ab731aad201
  MJRefresh: 697f8ec75ebdbe9207767bb682cf0f51b0d8a41f
  MonkeyKing: cdaa3e93d4802464eceea619aba87f70c31db2e1
  NotificationBannerSwift: 007774aa590cc9680647b92b2f217bef5c00c32c
  NVActivityIndicatorView: 4ca19fccc84595a78957336a086d00a49be6ce61
  ObjectMapper: 0d4402610f4e468903ae64629eec4784531e5c51
  OHHTTPStubs: 1e21c7d2c084b8153fc53d48400d8919d2d432d0
  p2.OAuth2: d5ea9b928fc5d10d088d419db6f3380578b6f866
  PINCache: ce36ed282031b92fc7733ffe831f474ff80fddc2
  PinLayout: fe2a2432d6982588e208572005c941aeeae417ab
  PINRemoteImage: 4ac4011c5caefd6befd99758e09becede05d3226
  PMAlertController: 06dab8160066fc4ce991c880e3722cd403e2926a
  QuickLayout: 9af2b7fd89a6552828f51a5aba28d1bcdb8b340c
  ReachabilitySwift: 408477d1b6ed9779dba301953171e017c31241f3
  ReactorKit: 8be57f0527ad1ac2963cd5c338274a46a01e57a3
  ReusableKit: d0b040de03b293288b0ca27a78602691d3346d9b
  Reveal-SDK: 3523e0eb7c562811c51bb71da6e523a6373702c8
  RxAtomic: f8d6adc1ccb87a767811269e4875887bc74dbf19
  RxCocoa: 2f35a76bf8887872e28a1914112395b11b8e0e64
  RxDataSources: a843bad90c29817f5923ec8163f4af2de084ceb3
  RxGesture: 7f6dfb45dbde06e618c24442d38493e3144f2c95
  RxKeyboard: 4f782303f499f41577b41c96c6a9a5d7acd51a47
  RxOptional: 80426a0ddbd092573e4c482d8cc13302078c4d5e
  RxQRScanner: b523a276be9a5f53603b85a0efb871e7bf480180
  RxReachability: 053f2d913db44998242ade488ccaef558f3ce7cb
  RxSwift: 92fcf68dfef21f3e2ab1965363d9e7b3d787597e
  RxSwiftExt: 01f8ecbeeb355698e9c75365ebe908b00dacf45d
  RxWebKit: e39e220919e5e24546c837f5f60689036a1e5920
  SHSegmentedControl: a7f6ffc1678f2ee5f18e2a4c11d992c3af0800cc
  SnapKit: fe8a619752f3f27075cc9a90244d75c6c3f27e2a
  SVGKit: 8a2fc74258bdb2abb54d3b65f3dd68b0277a9c4d
  SwiftEntryKit: c50f25a14772713ded1591c852d1c1dc74c95b9e
  SwiftIconFont: 2ba18554a77c44948dc35b561b344e3c23834a84
  SwiftReorder: 60ef1faf6446cf68f9a647cb975530db8efd6620
  SwiftyBeaver: 8e67ab3cd94389cbbb7a9c7cc02748d98bfee68e
  Swinject: 82cdb851f63f91bba974e3eca1d69780f2f7677e
  Toast-Swift: e42a638589a2f95036b4bb7626cfbdde7daf0393
  "UITextView+Placeholder": 0c3efd97f37ea64bde7f34cc6e90fe02e87b3909
  UMCAnalytics: c267acd9bb4a87e5f01735c158b63a617908f92e
  UMCCommon: 79b5a614c958db367113eed5740109d9a98e1223
  UMCCommonLog: 05a2d5de21858e3d870551562cff405c1366d244
  URLNavigator: e8cea3835b3456d7876eb728831e742273c8d209

PODFILE CHECKSUM: 7681398968d9f3302382220c0c795e40a6e27496

COCOAPODS: 1.6.1
