// !$*UTF8*$!
{
	archiveVersion = 1;
	classes = {
	};
	objectVersion = 50;
	objects = {

/* Begin PBXBuildFile section */
		570F601CD990CB5926A7F131 /* Pods_Example.framework in Frameworks */ = {isa = PBXBuildFile; fileRef = 4EEFA4AE87F8AD74832D9478 /* Pods_Example.framework */; };
		AA30C05B2167533E00B9E0EB /* SplashViewController.swift in Sources */ = {isa = PBXBuildFile; fileRef = AA30C05A2167533E00B9E0EB /* SplashViewController.swift */; };
		AA30C05F2167555C00B9E0EB /* RootViewController.swift in Sources */ = {isa = PBXBuildFile; fileRef = AA30C05E2167555C00B9E0EB /* RootViewController.swift */; };
		AA30C0612167561E00B9E0EB /* SplashViewController.xml in Resources */ = {isa = PBXBuildFile; fileRef = AA30C0602167561E00B9E0EB /* SplashViewController.xml */; };
		AA30C0682167AA3600B9E0EB /* UINavigationController+Bar.swift in Sources */ = {isa = PBXBuildFile; fileRef = AA30C0672167AA3600B9E0EB /* UINavigationController+Bar.swift */; };
		AA38DCA5217EF41F0046D82D /* RxUtil.swift in Sources */ = {isa = PBXBuildFile; fileRef = AA38DCA4217EF41F0046D82D /* RxUtil.swift */; };
		AA38DCA7217EF4D70046D82D /* Reactive+StatusBar.swift in Sources */ = {isa = PBXBuildFile; fileRef = AA38DCA6217EF4D70046D82D /* Reactive+StatusBar.swift */; };
		AA3AB88E21841ABA00470276 /* SplashViewControllerReactor.swift in Sources */ = {isa = PBXBuildFile; fileRef = AA3AB88D21841ABA00470276 /* SplashViewControllerReactor.swift */; };
		AA3AB8902184828800470276 /* TourViewControllerReactor.swift in Sources */ = {isa = PBXBuildFile; fileRef = AA3AB88F2184828800470276 /* TourViewControllerReactor.swift */; };
		AA3AB8962184C65600470276 /* HomeTitleView.swift in Sources */ = {isa = PBXBuildFile; fileRef = AA3AB8952184C65600470276 /* HomeTitleView.swift */; };
		AA3E0E782170478200958937 /* PullToRefreshUtil.swift in Sources */ = {isa = PBXBuildFile; fileRef = AA3E0E772170478200958937 /* PullToRefreshUtil.swift */; };
		AA3E0E7A21704E6F00958937 /* House.swift in Sources */ = {isa = PBXBuildFile; fileRef = AA3E0E7921704E6F00958937 /* House.swift */; };
		AA3E0E7C217053BD00958937 /* Deivce.swift in Sources */ = {isa = PBXBuildFile; fileRef = AA3E0E7B217053BD00958937 /* Deivce.swift */; };
		AA3E0E7E2170540F00958937 /* Product.swift in Sources */ = {isa = PBXBuildFile; fileRef = AA3E0E7D2170540F00958937 /* Product.swift */; };
		AA3E0E802170543D00958937 /* ProductCategory.swift in Sources */ = {isa = PBXBuildFile; fileRef = AA3E0E7F2170543D00958937 /* ProductCategory.swift */; };
		AA3E0E822170589F00958937 /* Scene.swift in Sources */ = {isa = PBXBuildFile; fileRef = AA3E0E812170589F00958937 /* Scene.swift */; };
		AA3E0E8621705B4C00958937 /* ScriptTask.swift in Sources */ = {isa = PBXBuildFile; fileRef = AA3E0E8521705B4C00958937 /* ScriptTask.swift */; };
		AA3E0E8821707DD400958937 /* ScriptTrigger.swift in Sources */ = {isa = PBXBuildFile; fileRef = AA3E0E8721707DD400958937 /* ScriptTrigger.swift */; };
		AA3E0E8A2170841700958937 /* HomeInfo.swift in Sources */ = {isa = PBXBuildFile; fileRef = AA3E0E892170841700958937 /* HomeInfo.swift */; };
		AA3E0E9B2171176300958937 /* data.json in Resources */ = {isa = PBXBuildFile; fileRef = AA3E0E9A2171176300958937 /* data.json */; };
		AA3E0EA52172328100958937 /* UIStackView+.swift in Sources */ = {isa = PBXBuildFile; fileRef = AA3E0EA42172328100958937 /* UIStackView+.swift */; };
		AA3E0EBB21737D0600958937 /* LayoutExtensions.swift in Sources */ = {isa = PBXBuildFile; fileRef = AA3E0EBA21737D0600958937 /* LayoutExtensions.swift */; };
		AA420586217AD80C0068ABC0 /* ModelType.swift in Sources */ = {isa = PBXBuildFile; fileRef = AA420585217AD80C0068ABC0 /* ModelType.swift */; };
		AA420588217B66210068ABC0 /* UIView+Blur.swift in Sources */ = {isa = PBXBuildFile; fileRef = AA420587217B66210068ABC0 /* UIView+Blur.swift */; };
		AA42058E217B8C680068ABC0 /* ChannelView.swift in Sources */ = {isa = PBXBuildFile; fileRef = AA42058D217B8C680068ABC0 /* ChannelView.swift */; };
		AA420590217B939B0068ABC0 /* ChannelViewReactor.swift in Sources */ = {isa = PBXBuildFile; fileRef = AA42058F217B939B0068ABC0 /* ChannelViewReactor.swift */; };
		AA420592217B94820068ABC0 /* ChannelView.xml in Resources */ = {isa = PBXBuildFile; fileRef = AA420591217B94820068ABC0 /* ChannelView.xml */; };
		AA420596217C0C2E0068ABC0 /* IconLabelButton.xml in Resources */ = {isa = PBXBuildFile; fileRef = AA420595217C0C2E0068ABC0 /* IconLabelButton.xml */; };
		AA4205A4217C9B510068ABC0 /* HeaderView.xml in Resources */ = {isa = PBXBuildFile; fileRef = AA4205A3217C9B510068ABC0 /* HeaderView.xml */; };
		AA4205A6217C9B5F0068ABC0 /* HeaderView.swift in Sources */ = {isa = PBXBuildFile; fileRef = AA4205A5217C9B5F0068ABC0 /* HeaderView.swift */; };
		AA433F03218C491100BA60A1 /* AppDelegate+Push.swift in Sources */ = {isa = PBXBuildFile; fileRef = AA433F02218C491100BA60A1 /* AppDelegate+Push.swift */; };
		AA433F05218C49A500BA60A1 /* AppDelegate+Navigation.swift in Sources */ = {isa = PBXBuildFile; fileRef = AA433F04218C49A500BA60A1 /* AppDelegate+Navigation.swift */; };
		AA433F07218C4A1900BA60A1 /* AppDelegate+Logging.swift in Sources */ = {isa = PBXBuildFile; fileRef = AA433F06218C4A1900BA60A1 /* AppDelegate+Logging.swift */; };
		AA433F09218C4AB300BA60A1 /* Global.swift in Sources */ = {isa = PBXBuildFile; fileRef = AA433F08218C4AB300BA60A1 /* Global.swift */; };
		AA433F0B218C4B2D00BA60A1 /* AppDelegate+CocoaDebug.swift in Sources */ = {isa = PBXBuildFile; fileRef = AA433F0A218C4B2D00BA60A1 /* AppDelegate+CocoaDebug.swift */; };
		AA433F13218C8D9700BA60A1 /* NotificationService.swift in Sources */ = {isa = PBXBuildFile; fileRef = AA433F12218C8D9700BA60A1 /* NotificationService.swift */; };
		AA4B48E22174E1D300A60C11 /* Reactive+Reuseable.swift in Sources */ = {isa = PBXBuildFile; fileRef = AA4B48E12174E1D300A60C11 /* Reactive+Reuseable.swift */; };
		AA4B48E42175006100A60C11 /* Reactive+Layout.swift in Sources */ = {isa = PBXBuildFile; fileRef = AA4B48E32175006100A60C11 /* Reactive+Layout.swift */; };
		AA4B48EE2175CA4D00A60C11 /* HomeViewControllerReactor.swift in Sources */ = {isa = PBXBuildFile; fileRef = AA4B48ED2175CA4D00A60C11 /* HomeViewControllerReactor.swift */; };
		AA4B48F02175E4D000A60C11 /* APIError.swift in Sources */ = {isa = PBXBuildFile; fileRef = AA4B48EF2175E4D000A60C11 /* APIError.swift */; };
		AA4B48F221761F7400A60C11 /* AuthError.swift in Sources */ = {isa = PBXBuildFile; fileRef = AA4B48F121761F7400A60C11 /* AuthError.swift */; };
		AA4B48F621772EE800A60C11 /* AuthViewControllerReactor.swift in Sources */ = {isa = PBXBuildFile; fileRef = AA4B48F521772EE800A60C11 /* AuthViewControllerReactor.swift */; };
		AA4B48F8217736D900A60C11 /* Reactive+OAuth2.swift in Sources */ = {isa = PBXBuildFile; fileRef = AA4B48F7217736D900A60C11 /* Reactive+OAuth2.swift */; };
		AA4B48FA217768CE00A60C11 /* BaseViewController.swift in Sources */ = {isa = PBXBuildFile; fileRef = AA4B48F9217768CE00A60C11 /* BaseViewController.swift */; };
		AA4B49162178800A00A60C11 /* Reactive+FSPagerView.swift in Sources */ = {isa = PBXBuildFile; fileRef = AA4B49152178800A00A60C11 /* Reactive+FSPagerView.swift */; };
		AA4B491E2178883F00A60C11 /* Reactive+UICollectionViewFlexLayout.swift in Sources */ = {isa = PBXBuildFile; fileRef = AA4B49172178883E00A60C11 /* Reactive+UICollectionViewFlexLayout.swift */; };
		AA4B491F2178883F00A60C11 /* Then.swift in Sources */ = {isa = PBXBuildFile; fileRef = AA4B49182178883E00A60C11 /* Then.swift */; };
		AA4B49202178883F00A60C11 /* UICollectionViewDelegateFlexLayout.swift in Sources */ = {isa = PBXBuildFile; fileRef = AA4B49192178883E00A60C11 /* UICollectionViewDelegateFlexLayout.swift */; };
		AA4B49212178883F00A60C11 /* Reactive+UIViewController.swift in Sources */ = {isa = PBXBuildFile; fileRef = AA4B491A2178883E00A60C11 /* Reactive+UIViewController.swift */; };
		AA4B49222178883F00A60C11 /* SwiftyColor.swift in Sources */ = {isa = PBXBuildFile; fileRef = AA4B491B2178883E00A60C11 /* SwiftyColor.swift */; };
		AA4B49232178883F00A60C11 /* RxKeyboard.swift in Sources */ = {isa = PBXBuildFile; fileRef = AA4B491C2178883F00A60C11 /* RxKeyboard.swift */; };
		AA4B49242178883F00A60C11 /* UICollectionViewFlexLayout.swift in Sources */ = {isa = PBXBuildFile; fileRef = AA4B491D2178883F00A60C11 /* UICollectionViewFlexLayout.swift */; };
		AA4B49262178B0A900A60C11 /* BannerCell.xml in Resources */ = {isa = PBXBuildFile; fileRef = AA4B49252178B0A900A60C11 /* BannerCell.xml */; };
		AA4B492A2178BADD00A60C11 /* ChannelCell.xml in Resources */ = {isa = PBXBuildFile; fileRef = AA4B49292178BADD00A60C11 /* ChannelCell.xml */; };
		AA4B492C2178CA0F00A60C11 /* SceneCell.xml in Resources */ = {isa = PBXBuildFile; fileRef = AA4B492B2178CA0F00A60C11 /* SceneCell.xml */; };
		AA4B49302178EB2500A60C11 /* BannerView.swift in Sources */ = {isa = PBXBuildFile; fileRef = AA4B492F2178EB2500A60C11 /* BannerView.swift */; };
		AA4B49322178EBA400A60C11 /* BannerView.xml in Resources */ = {isa = PBXBuildFile; fileRef = AA4B49312178EBA400A60C11 /* BannerView.xml */; };
		AA4B493A2179A1DC00A60C11 /* ChannelCell.swift in Sources */ = {isa = PBXBuildFile; fileRef = AA4B49362179A1DC00A60C11 /* ChannelCell.swift */; };
		AA4B493C2179BBD900A60C11 /* Permission.swift in Sources */ = {isa = PBXBuildFile; fileRef = AA4B493B2179BBD900A60C11 /* Permission.swift */; };
		AA4B493E217A0B5000A60C11 /* BaseItemCell.swift in Sources */ = {isa = PBXBuildFile; fileRef = AA4B493D217A0B5000A60C11 /* BaseItemCell.swift */; };
		AA4B4942217A112200A60C11 /* BaseView.swift in Sources */ = {isa = PBXBuildFile; fileRef = AA4B4941217A112200A60C11 /* BaseView.swift */; };
		AA4B4944217A462200A60C11 /* BannerViewReactor.swift in Sources */ = {isa = PBXBuildFile; fileRef = AA4B4943217A462200A60C11 /* BannerViewReactor.swift */; };
		AA54DF432188424000CE0CA0 /* AnimationExtensions.swift in Sources */ = {isa = PBXBuildFile; fileRef = AA54DF422188424000CE0CA0 /* AnimationExtensions.swift */; };
		AA54DF4821892C9F00CE0CA0 /* ReactorExtension.swift in Sources */ = {isa = PBXBuildFile; fileRef = AA54DF4721892C9F00CE0CA0 /* ReactorExtension.swift */; };
		AA6839D8216DE04F00E4097B /* UIColor+Theme.swift in Sources */ = {isa = PBXBuildFile; fileRef = AA6839D7216DE04F00E4097B /* UIColor+Theme.swift */; };
		AA6839DA216DE1EA00E4097B /* AppIcons.swift in Sources */ = {isa = PBXBuildFile; fileRef = AA6839D9216DE1EA00E4097B /* AppIcons.swift */; };
		AA6839DC216E08EC00E4097B /* AppAttributedStrings.swift in Sources */ = {isa = PBXBuildFile; fileRef = AA6839DB216E08EC00E4097B /* AppAttributedStrings.swift */; };
		AA6839DE216E0A0500E4097B /* AppLayoutClousures.swift in Sources */ = {isa = PBXBuildFile; fileRef = AA6839DD216E0A0500E4097B /* AppLayoutClousures.swift */; };
		AA683A03216F128800E4097B /* HomeService.swift in Sources */ = {isa = PBXBuildFile; fileRef = AA683A02216F128800E4097B /* HomeService.swift */; };
		AA683A05216F3BD700E4097B /* MoyaUtils.swift in Sources */ = {isa = PBXBuildFile; fileRef = AA683A04216F3BD700E4097B /* MoyaUtils.swift */; };
		AA683A07216F3D5400E4097B /* String+UrlEncode.swift in Sources */ = {isa = PBXBuildFile; fileRef = AA683A06216F3D5400E4097B /* String+UrlEncode.swift */; };
		AA683A09216F434C00E4097B /* Banner.swift in Sources */ = {isa = PBXBuildFile; fileRef = AA683A08216F434C00E4097B /* Banner.swift */; };
		AA693DB72160EEB70063D749 /* HomeViewController.swift in Sources */ = {isa = PBXBuildFile; fileRef = AA693DB62160EEB70063D749 /* HomeViewController.swift */; };
		AA693DB92160EF4C0063D749 /* HomeViewController.xml in Resources */ = {isa = PBXBuildFile; fileRef = AA693DB82160EF4C0063D749 /* HomeViewController.xml */; };
		AA693DBB2161F6010063D749 /* SocialViewController.swift in Sources */ = {isa = PBXBuildFile; fileRef = AA693DBA2161F6010063D749 /* SocialViewController.swift */; };
		AA693DBD2161F61D0063D749 /* SocialViewController.xml in Resources */ = {isa = PBXBuildFile; fileRef = AA693DBC2161F61D0063D749 /* SocialViewController.xml */; };
		AA693DBF2161F6330063D749 /* MeViewController.xml in Resources */ = {isa = PBXBuildFile; fileRef = AA693DBE2161F6330063D749 /* MeViewController.xml */; };
		AA693DC12161F6460063D749 /* SettingViewController.swift in Sources */ = {isa = PBXBuildFile; fileRef = AA693DC02161F6460063D749 /* SettingViewController.swift */; };
		AA693DC32161FF620063D749 /* NavigationMap.swift in Sources */ = {isa = PBXBuildFile; fileRef = AA693DC22161FF620063D749 /* NavigationMap.swift */; };
		AA78BB46218D6814000B4CD8 /* NotificationCenter+.swift in Sources */ = {isa = PBXBuildFile; fileRef = AA78BB45218D6814000B4CD8 /* NotificationCenter+.swift */; };
		AA78BB48218D6D27000B4CD8 /* Reactive+NotificationCenter.swift in Sources */ = {isa = PBXBuildFile; fileRef = AA78BB47218D6D27000B4CD8 /* Reactive+NotificationCenter.swift */; };
		AA78BB54218EB31C000B4CD8 /* ShortcutParser.swift in Sources */ = {isa = PBXBuildFile; fileRef = AA78BB53218EB31C000B4CD8 /* ShortcutParser.swift */; };
		AA78BB56218EB37C000B4CD8 /* DeepLinkManager.swift in Sources */ = {isa = PBXBuildFile; fileRef = AA78BB55218EB37C000B4CD8 /* DeepLinkManager.swift */; };
		AA78BB58218EBB5B000B4CD8 /* RxQRUtil.swift in Sources */ = {isa = PBXBuildFile; fileRef = AA78BB57218EBB5B000B4CD8 /* RxQRUtil.swift */; };
		AA78BB5A218F04F2000B4CD8 /* MeViewController.swift in Sources */ = {isa = PBXBuildFile; fileRef = AA78BB59218F04F2000B4CD8 /* MeViewController.swift */; };
		AA78BB5C218F14F0000B4CD8 /* CollectionCell.xml in Resources */ = {isa = PBXBuildFile; fileRef = AA78BB5B218F14F0000B4CD8 /* CollectionCell.xml */; };
		AA78BB5E218F331B000B4CD8 /* MeHeaderCell.xml in Resources */ = {isa = PBXBuildFile; fileRef = AA78BB5D218F331B000B4CD8 /* MeHeaderCell.xml */; };
		AA8978652185658C005A61CA /* Reactive+UIScrollView.swift in Sources */ = {isa = PBXBuildFile; fileRef = AA8978642185658C005A61CA /* Reactive+UIScrollView.swift */; };
		AA89786721856D88005A61CA /* ImageEffects+Accelerate.swift in Sources */ = {isa = PBXBuildFile; fileRef = AA89786621856D88005A61CA /* ImageEffects+Accelerate.swift */; };
		AA8978692185759F005A61CA /* Reactive+UIImageView.swift in Sources */ = {isa = PBXBuildFile; fileRef = AA8978682185759F005A61CA /* Reactive+UIImageView.swift */; };
		AA89786F21858891005A61CA /* TabButton.swift in Sources */ = {isa = PBXBuildFile; fileRef = AA89786E21858891005A61CA /* TabButton.swift */; };
		AA897871218588A2005A61CA /* TabButton.xml in Resources */ = {isa = PBXBuildFile; fileRef = AA897870218588A2005A61CA /* TabButton.xml */; };
		AA897873218590E4005A61CA /* HomeTitleView.xml in Resources */ = {isa = PBXBuildFile; fileRef = AA897872218590E4005A61CA /* HomeTitleView.xml */; };
		AAA920BA2198289700EFC581 /* InfoPlist.strings in Resources */ = {isa = PBXBuildFile; fileRef = AAA920B82198289700EFC581 /* InfoPlist.strings */; };
		AAC5EB6E215E7BB7008EBA1F /* AppDelegate.swift in Sources */ = {isa = PBXBuildFile; fileRef = AAC5EB6D215E7BB7008EBA1F /* AppDelegate.swift */; };
		AAC5EB70215E7BB7008EBA1F /* AuthViewController.swift in Sources */ = {isa = PBXBuildFile; fileRef = AAC5EB6F215E7BB7008EBA1F /* AuthViewController.swift */; };
		AAC5EB75215E7BB9008EBA1F /* Assets.xcassets in Resources */ = {isa = PBXBuildFile; fileRef = AAC5EB74215E7BB9008EBA1F /* Assets.xcassets */; };
		AAC5EB78215E7BB9008EBA1F /* LaunchScreen.storyboard in Resources */ = {isa = PBXBuildFile; fileRef = AAC5EB76215E7BB9008EBA1F /* LaunchScreen.storyboard */; };
		AAC5EB83215E7BB9008EBA1F /* ExampleTests.swift in Sources */ = {isa = PBXBuildFile; fileRef = AAC5EB82215E7BB9008EBA1F /* ExampleTests.swift */; };
		AAC5EB90215E7D56008EBA1F /* AppEnv.swift in Sources */ = {isa = PBXBuildFile; fileRef = AAC5EB8F215E7D56008EBA1F /* AppEnv.swift */; };
		AAC5EB93215E7DE8008EBA1F /* User.swift in Sources */ = {isa = PBXBuildFile; fileRef = AAC5EB92215E7DE8008EBA1F /* User.swift */; };
		AAC5EB9B215E7E89008EBA1F /* AuthService.swift in Sources */ = {isa = PBXBuildFile; fileRef = AAC5EB9A215E7E89008EBA1F /* AuthService.swift */; };
		AAC5EB9E215E7EB4008EBA1F /* UIColor+Hex.swift in Sources */ = {isa = PBXBuildFile; fileRef = AAC5EB9D215E7EB4008EBA1F /* UIColor+Hex.swift */; };
		AAC5EBA1215E7F10008EBA1F /* AuthViewController.xml in Resources */ = {isa = PBXBuildFile; fileRef = AAC5EBA0215E7F10008EBA1F /* AuthViewController.xml */; };
		AAC5EBA3215E808D008EBA1F /* OAuth2Service.swift in Sources */ = {isa = PBXBuildFile; fileRef = AAC5EBA2215E808D008EBA1F /* OAuth2Service.swift */; };
		AAC5EBA5215F5849008EBA1F /* HomeTabViewController.swift in Sources */ = {isa = PBXBuildFile; fileRef = AAC5EBA4215F5849008EBA1F /* HomeTabViewController.swift */; };
		AAC5EBA7215F5860008EBA1F /* HomeTabViewController.xml in Resources */ = {isa = PBXBuildFile; fileRef = AAC5EBA6215F5860008EBA1F /* HomeTabViewController.xml */; };
		AAE49EF62169D2FB004BDBD7 /* TourViewController.swift in Sources */ = {isa = PBXBuildFile; fileRef = AAE49EF52169D2FB004BDBD7 /* TourViewController.swift */; };
		AAE49EF82169D315004BDBD7 /* TourViewController.xml in Resources */ = {isa = PBXBuildFile; fileRef = AAE49EF72169D315004BDBD7 /* TourViewController.xml */; };
		AAE49EFA216A2783004BDBD7 /* AppData.swift in Sources */ = {isa = PBXBuildFile; fileRef = AAE49EF9216A2783004BDBD7 /* AppData.swift */; };
		AAE49EFE216AE281004BDBD7 /* Shallows+Rx.swift in Sources */ = {isa = PBXBuildFile; fileRef = AAE49EFD216AE281004BDBD7 /* Shallows+Rx.swift */; };
		AAE49F02216BA2EE004BDBD7 /* RegisterViewController.swift in Sources */ = {isa = PBXBuildFile; fileRef = AAE49F01216BA2EE004BDBD7 /* RegisterViewController.swift */; };
		AAE49F13216CCBCD004BDBD7 /* Localizable.strings in Resources */ = {isa = PBXBuildFile; fileRef = AAE49F11216CCBCD004BDBD7 /* Localizable.strings */; };
		AAF5CA4921821F3B006DE332 /* UIApplication+StatusBar.swift in Sources */ = {isa = PBXBuildFile; fileRef = AAF5CA4821821F3B006DE332 /* UIApplication+StatusBar.swift */; };
		AAFA6622217D8032000217C9 /* MultipleSectionModel.swift in Sources */ = {isa = PBXBuildFile; fileRef = AAFA6621217D8031000217C9 /* MultipleSectionModel.swift */; };
		AAFA6624217D886B000217C9 /* SceneCell.swift in Sources */ = {isa = PBXBuildFile; fileRef = AAFA6623217D886B000217C9 /* SceneCell.swift */; };
		AAFA6626217D88F9000217C9 /* SceneViewReactor.swift in Sources */ = {isa = PBXBuildFile; fileRef = AAFA6625217D88F9000217C9 /* SceneViewReactor.swift */; };
/* End PBXBuildFile section */

/* Begin PBXContainerItemProxy section */
		AAC5EB7F215E7BB9008EBA1F /* PBXContainerItemProxy */ = {
			isa = PBXContainerItemProxy;
			containerPortal = AAC5EB62215E7BB7008EBA1F /* Project object */;
			proxyType = 1;
			remoteGlobalIDString = AAC5EB69215E7BB7008EBA1F;
			remoteInfo = Example;
		};
/* End PBXContainerItemProxy section */

/* Begin PBXFileReference section */
		4EEFA4AE87F8AD74832D9478 /* Pods_Example.framework */ = {isa = PBXFileReference; explicitFileType = wrapper.framework; includeInIndex = 0; path = Pods_Example.framework; sourceTree = BUILT_PRODUCTS_DIR; };
		83DACA3EE6BE698B8AB9D41F /* Pods-Example.debug.xcconfig */ = {isa = PBXFileReference; includeInIndex = 1; lastKnownFileType = text.xcconfig; name = "Pods-Example.debug.xcconfig"; path = "Pods/Target Support Files/Pods-Example/Pods-Example.debug.xcconfig"; sourceTree = "<group>"; };
		8E5FD09C8718DB4DD6F6C2D9 /* Pods-Example.release.xcconfig */ = {isa = PBXFileReference; includeInIndex = 1; lastKnownFileType = text.xcconfig; name = "Pods-Example.release.xcconfig"; path = "Pods/Target Support Files/Pods-Example/Pods-Example.release.xcconfig"; sourceTree = "<group>"; };
		AA30C05A2167533E00B9E0EB /* SplashViewController.swift */ = {isa = PBXFileReference; lastKnownFileType = sourcecode.swift; path = SplashViewController.swift; sourceTree = "<group>"; };
		AA30C05E2167555C00B9E0EB /* RootViewController.swift */ = {isa = PBXFileReference; lastKnownFileType = sourcecode.swift; path = RootViewController.swift; sourceTree = "<group>"; };
		AA30C0602167561E00B9E0EB /* SplashViewController.xml */ = {isa = PBXFileReference; lastKnownFileType = text.xml; path = SplashViewController.xml; sourceTree = "<group>"; };
		AA30C0672167AA3600B9E0EB /* UINavigationController+Bar.swift */ = {isa = PBXFileReference; lastKnownFileType = sourcecode.swift; path = "UINavigationController+Bar.swift"; sourceTree = "<group>"; };
		AA38DCA4217EF41F0046D82D /* RxUtil.swift */ = {isa = PBXFileReference; lastKnownFileType = sourcecode.swift; path = RxUtil.swift; sourceTree = "<group>"; };
		AA38DCA6217EF4D70046D82D /* Reactive+StatusBar.swift */ = {isa = PBXFileReference; lastKnownFileType = sourcecode.swift; path = "Reactive+StatusBar.swift"; sourceTree = "<group>"; };
		AA3AB88D21841ABA00470276 /* SplashViewControllerReactor.swift */ = {isa = PBXFileReference; lastKnownFileType = sourcecode.swift; path = SplashViewControllerReactor.swift; sourceTree = "<group>"; };
		AA3AB88F2184828800470276 /* TourViewControllerReactor.swift */ = {isa = PBXFileReference; lastKnownFileType = sourcecode.swift; path = TourViewControllerReactor.swift; sourceTree = "<group>"; };
		AA3AB8952184C65600470276 /* HomeTitleView.swift */ = {isa = PBXFileReference; lastKnownFileType = sourcecode.swift; path = HomeTitleView.swift; sourceTree = "<group>"; };
		AA3E0E772170478200958937 /* PullToRefreshUtil.swift */ = {isa = PBXFileReference; lastKnownFileType = sourcecode.swift; path = PullToRefreshUtil.swift; sourceTree = "<group>"; };
		AA3E0E7921704E6F00958937 /* House.swift */ = {isa = PBXFileReference; lastKnownFileType = sourcecode.swift; path = House.swift; sourceTree = "<group>"; };
		AA3E0E7B217053BD00958937 /* Deivce.swift */ = {isa = PBXFileReference; lastKnownFileType = sourcecode.swift; path = Deivce.swift; sourceTree = "<group>"; };
		AA3E0E7D2170540F00958937 /* Product.swift */ = {isa = PBXFileReference; lastKnownFileType = sourcecode.swift; path = Product.swift; sourceTree = "<group>"; };
		AA3E0E7F2170543D00958937 /* ProductCategory.swift */ = {isa = PBXFileReference; lastKnownFileType = sourcecode.swift; path = ProductCategory.swift; sourceTree = "<group>"; };
		AA3E0E812170589F00958937 /* Scene.swift */ = {isa = PBXFileReference; lastKnownFileType = sourcecode.swift; path = Scene.swift; sourceTree = "<group>"; };
		AA3E0E8521705B4C00958937 /* ScriptTask.swift */ = {isa = PBXFileReference; lastKnownFileType = sourcecode.swift; path = ScriptTask.swift; sourceTree = "<group>"; };
		AA3E0E8721707DD400958937 /* ScriptTrigger.swift */ = {isa = PBXFileReference; lastKnownFileType = sourcecode.swift; path = ScriptTrigger.swift; sourceTree = "<group>"; };
		AA3E0E892170841700958937 /* HomeInfo.swift */ = {isa = PBXFileReference; lastKnownFileType = sourcecode.swift; path = HomeInfo.swift; sourceTree = "<group>"; };
		AA3E0E9A2171176300958937 /* data.json */ = {isa = PBXFileReference; lastKnownFileType = text.json; path = data.json; sourceTree = "<group>"; };
		AA3E0EA42172328100958937 /* UIStackView+.swift */ = {isa = PBXFileReference; lastKnownFileType = sourcecode.swift; path = "UIStackView+.swift"; sourceTree = "<group>"; };
		AA3E0EBA21737D0600958937 /* LayoutExtensions.swift */ = {isa = PBXFileReference; lastKnownFileType = sourcecode.swift; path = LayoutExtensions.swift; sourceTree = "<group>"; };
		AA420585217AD80C0068ABC0 /* ModelType.swift */ = {isa = PBXFileReference; lastKnownFileType = sourcecode.swift; path = ModelType.swift; sourceTree = "<group>"; };
		AA420587217B66210068ABC0 /* UIView+Blur.swift */ = {isa = PBXFileReference; lastKnownFileType = sourcecode.swift; path = "UIView+Blur.swift"; sourceTree = "<group>"; };
		AA42058D217B8C680068ABC0 /* ChannelView.swift */ = {isa = PBXFileReference; lastKnownFileType = sourcecode.swift; path = ChannelView.swift; sourceTree = "<group>"; };
		AA42058F217B939B0068ABC0 /* ChannelViewReactor.swift */ = {isa = PBXFileReference; lastKnownFileType = sourcecode.swift; path = ChannelViewReactor.swift; sourceTree = "<group>"; };
		AA420591217B94820068ABC0 /* ChannelView.xml */ = {isa = PBXFileReference; lastKnownFileType = text.xml; path = ChannelView.xml; sourceTree = "<group>"; };
		AA420595217C0C2E0068ABC0 /* IconLabelButton.xml */ = {isa = PBXFileReference; lastKnownFileType = text.xml; path = IconLabelButton.xml; sourceTree = "<group>"; };
		AA4205A3217C9B510068ABC0 /* HeaderView.xml */ = {isa = PBXFileReference; lastKnownFileType = text.xml; path = HeaderView.xml; sourceTree = "<group>"; };
		AA4205A5217C9B5F0068ABC0 /* HeaderView.swift */ = {isa = PBXFileReference; lastKnownFileType = sourcecode.swift; path = HeaderView.swift; sourceTree = "<group>"; };
		AA433F01218B40B100BA60A1 /* Example.entitlements */ = {isa = PBXFileReference; lastKnownFileType = text.plist.entitlements; path = Example.entitlements; sourceTree = "<group>"; };
		AA433F02218C491100BA60A1 /* AppDelegate+Push.swift */ = {isa = PBXFileReference; lastKnownFileType = sourcecode.swift; path = "AppDelegate+Push.swift"; sourceTree = "<group>"; };
		AA433F04218C49A500BA60A1 /* AppDelegate+Navigation.swift */ = {isa = PBXFileReference; lastKnownFileType = sourcecode.swift; path = "AppDelegate+Navigation.swift"; sourceTree = "<group>"; };
		AA433F06218C4A1900BA60A1 /* AppDelegate+Logging.swift */ = {isa = PBXFileReference; lastKnownFileType = sourcecode.swift; path = "AppDelegate+Logging.swift"; sourceTree = "<group>"; };
		AA433F08218C4AB300BA60A1 /* Global.swift */ = {isa = PBXFileReference; lastKnownFileType = sourcecode.swift; path = Global.swift; sourceTree = "<group>"; };
		AA433F0A218C4B2D00BA60A1 /* AppDelegate+CocoaDebug.swift */ = {isa = PBXFileReference; lastKnownFileType = sourcecode.swift; path = "AppDelegate+CocoaDebug.swift"; sourceTree = "<group>"; };
		AA433F12218C8D9700BA60A1 /* NotificationService.swift */ = {isa = PBXFileReference; lastKnownFileType = sourcecode.swift; path = NotificationService.swift; sourceTree = "<group>"; };
		AA4B48E12174E1D300A60C11 /* Reactive+Reuseable.swift */ = {isa = PBXFileReference; lastKnownFileType = sourcecode.swift; path = "Reactive+Reuseable.swift"; sourceTree = "<group>"; };
		AA4B48E32175006100A60C11 /* Reactive+Layout.swift */ = {isa = PBXFileReference; lastKnownFileType = sourcecode.swift; path = "Reactive+Layout.swift"; sourceTree = "<group>"; };
		AA4B48ED2175CA4D00A60C11 /* HomeViewControllerReactor.swift */ = {isa = PBXFileReference; lastKnownFileType = sourcecode.swift; path = HomeViewControllerReactor.swift; sourceTree = "<group>"; };
		AA4B48EF2175E4D000A60C11 /* APIError.swift */ = {isa = PBXFileReference; lastKnownFileType = sourcecode.swift; path = APIError.swift; sourceTree = "<group>"; };
		AA4B48F121761F7400A60C11 /* AuthError.swift */ = {isa = PBXFileReference; lastKnownFileType = sourcecode.swift; path = AuthError.swift; sourceTree = "<group>"; };
		AA4B48F3217718EA00A60C11 /* DevConfig.xcconfig */ = {isa = PBXFileReference; lastKnownFileType = text.xcconfig; path = DevConfig.xcconfig; sourceTree = "<group>"; };
		AA4B48F42177193900A60C11 /* ProdConfig.xcconfig */ = {isa = PBXFileReference; lastKnownFileType = text.xcconfig; path = ProdConfig.xcconfig; sourceTree = "<group>"; };
		AA4B48F521772EE800A60C11 /* AuthViewControllerReactor.swift */ = {isa = PBXFileReference; lastKnownFileType = sourcecode.swift; path = AuthViewControllerReactor.swift; sourceTree = "<group>"; };
		AA4B48F7217736D900A60C11 /* Reactive+OAuth2.swift */ = {isa = PBXFileReference; lastKnownFileType = sourcecode.swift; path = "Reactive+OAuth2.swift"; sourceTree = "<group>"; };
		AA4B48F9217768CE00A60C11 /* BaseViewController.swift */ = {isa = PBXFileReference; lastKnownFileType = sourcecode.swift; path = BaseViewController.swift; sourceTree = "<group>"; };
		AA4B49152178800A00A60C11 /* Reactive+FSPagerView.swift */ = {isa = PBXFileReference; lastKnownFileType = sourcecode.swift; path = "Reactive+FSPagerView.swift"; sourceTree = "<group>"; };
		AA4B49172178883E00A60C11 /* Reactive+UICollectionViewFlexLayout.swift */ = {isa = PBXFileReference; fileEncoding = 4; lastKnownFileType = sourcecode.swift; path = "Reactive+UICollectionViewFlexLayout.swift"; sourceTree = "<group>"; };
		AA4B49182178883E00A60C11 /* Then.swift */ = {isa = PBXFileReference; fileEncoding = 4; lastKnownFileType = sourcecode.swift; path = Then.swift; sourceTree = "<group>"; };
		AA4B49192178883E00A60C11 /* UICollectionViewDelegateFlexLayout.swift */ = {isa = PBXFileReference; fileEncoding = 4; lastKnownFileType = sourcecode.swift; path = UICollectionViewDelegateFlexLayout.swift; sourceTree = "<group>"; };
		AA4B491A2178883E00A60C11 /* Reactive+UIViewController.swift */ = {isa = PBXFileReference; fileEncoding = 4; lastKnownFileType = sourcecode.swift; path = "Reactive+UIViewController.swift"; sourceTree = "<group>"; };
		AA4B491B2178883E00A60C11 /* SwiftyColor.swift */ = {isa = PBXFileReference; fileEncoding = 4; lastKnownFileType = sourcecode.swift; path = SwiftyColor.swift; sourceTree = "<group>"; };
		AA4B491C2178883F00A60C11 /* RxKeyboard.swift */ = {isa = PBXFileReference; fileEncoding = 4; lastKnownFileType = sourcecode.swift; path = RxKeyboard.swift; sourceTree = "<group>"; };
		AA4B491D2178883F00A60C11 /* UICollectionViewFlexLayout.swift */ = {isa = PBXFileReference; fileEncoding = 4; lastKnownFileType = sourcecode.swift; path = UICollectionViewFlexLayout.swift; sourceTree = "<group>"; };
		AA4B49252178B0A900A60C11 /* BannerCell.xml */ = {isa = PBXFileReference; lastKnownFileType = text.xml; path = BannerCell.xml; sourceTree = "<group>"; };
		AA4B49292178BADD00A60C11 /* ChannelCell.xml */ = {isa = PBXFileReference; lastKnownFileType = text.xml; path = ChannelCell.xml; sourceTree = "<group>"; };
		AA4B492B2178CA0F00A60C11 /* SceneCell.xml */ = {isa = PBXFileReference; lastKnownFileType = text.xml; path = SceneCell.xml; sourceTree = "<group>"; };
		AA4B492F2178EB2500A60C11 /* BannerView.swift */ = {isa = PBXFileReference; lastKnownFileType = sourcecode.swift; path = BannerView.swift; sourceTree = "<group>"; };
		AA4B49312178EBA400A60C11 /* BannerView.xml */ = {isa = PBXFileReference; lastKnownFileType = text.xml; path = BannerView.xml; sourceTree = "<group>"; };
		AA4B49362179A1DC00A60C11 /* ChannelCell.swift */ = {isa = PBXFileReference; fileEncoding = 4; lastKnownFileType = sourcecode.swift; path = ChannelCell.swift; sourceTree = "<group>"; };
		AA4B493B2179BBD900A60C11 /* Permission.swift */ = {isa = PBXFileReference; lastKnownFileType = sourcecode.swift; path = Permission.swift; sourceTree = "<group>"; };
		AA4B493D217A0B5000A60C11 /* BaseItemCell.swift */ = {isa = PBXFileReference; lastKnownFileType = sourcecode.swift; path = BaseItemCell.swift; sourceTree = "<group>"; };
		AA4B4941217A112200A60C11 /* BaseView.swift */ = {isa = PBXFileReference; lastKnownFileType = sourcecode.swift; path = BaseView.swift; sourceTree = "<group>"; };
		AA4B4943217A462200A60C11 /* BannerViewReactor.swift */ = {isa = PBXFileReference; lastKnownFileType = sourcecode.swift; path = BannerViewReactor.swift; sourceTree = "<group>"; };
		AA54DF422188424000CE0CA0 /* AnimationExtensions.swift */ = {isa = PBXFileReference; lastKnownFileType = sourcecode.swift; path = AnimationExtensions.swift; sourceTree = "<group>"; };
		AA54DF4721892C9F00CE0CA0 /* ReactorExtension.swift */ = {isa = PBXFileReference; lastKnownFileType = sourcecode.swift; path = ReactorExtension.swift; sourceTree = "<group>"; };
		AA6839D7216DE04F00E4097B /* UIColor+Theme.swift */ = {isa = PBXFileReference; lastKnownFileType = sourcecode.swift; path = "UIColor+Theme.swift"; sourceTree = "<group>"; };
		AA6839D9216DE1EA00E4097B /* AppIcons.swift */ = {isa = PBXFileReference; lastKnownFileType = sourcecode.swift; path = AppIcons.swift; sourceTree = "<group>"; };
		AA6839DB216E08EC00E4097B /* AppAttributedStrings.swift */ = {isa = PBXFileReference; lastKnownFileType = sourcecode.swift; path = AppAttributedStrings.swift; sourceTree = "<group>"; };
		AA6839DD216E0A0500E4097B /* AppLayoutClousures.swift */ = {isa = PBXFileReference; lastKnownFileType = sourcecode.swift; path = AppLayoutClousures.swift; sourceTree = "<group>"; };
		AA683A02216F128800E4097B /* HomeService.swift */ = {isa = PBXFileReference; lastKnownFileType = sourcecode.swift; path = HomeService.swift; sourceTree = "<group>"; };
		AA683A04216F3BD700E4097B /* MoyaUtils.swift */ = {isa = PBXFileReference; lastKnownFileType = sourcecode.swift; path = MoyaUtils.swift; sourceTree = "<group>"; };
		AA683A06216F3D5400E4097B /* String+UrlEncode.swift */ = {isa = PBXFileReference; lastKnownFileType = sourcecode.swift; path = "String+UrlEncode.swift"; sourceTree = "<group>"; };
		AA683A08216F434C00E4097B /* Banner.swift */ = {isa = PBXFileReference; lastKnownFileType = sourcecode.swift; path = Banner.swift; sourceTree = "<group>"; };
		AA693DB62160EEB70063D749 /* HomeViewController.swift */ = {isa = PBXFileReference; lastKnownFileType = sourcecode.swift; path = HomeViewController.swift; sourceTree = "<group>"; };
		AA693DB82160EF4C0063D749 /* HomeViewController.xml */ = {isa = PBXFileReference; lastKnownFileType = text.xml; path = HomeViewController.xml; sourceTree = "<group>"; };
		AA693DBA2161F6010063D749 /* SocialViewController.swift */ = {isa = PBXFileReference; lastKnownFileType = sourcecode.swift; path = SocialViewController.swift; sourceTree = "<group>"; };
		AA693DBC2161F61D0063D749 /* SocialViewController.xml */ = {isa = PBXFileReference; lastKnownFileType = text.xml; path = SocialViewController.xml; sourceTree = "<group>"; };
		AA693DBE2161F6330063D749 /* MeViewController.xml */ = {isa = PBXFileReference; lastKnownFileType = text.xml; path = MeViewController.xml; sourceTree = "<group>"; };
		AA693DC02161F6460063D749 /* SettingViewController.swift */ = {isa = PBXFileReference; lastKnownFileType = sourcecode.swift; path = SettingViewController.swift; sourceTree = "<group>"; };
		AA693DC22161FF620063D749 /* NavigationMap.swift */ = {isa = PBXFileReference; lastKnownFileType = sourcecode.swift; path = NavigationMap.swift; sourceTree = "<group>"; };
		AA78BB45218D6814000B4CD8 /* NotificationCenter+.swift */ = {isa = PBXFileReference; lastKnownFileType = sourcecode.swift; path = "NotificationCenter+.swift"; sourceTree = "<group>"; };
		AA78BB47218D6D27000B4CD8 /* Reactive+NotificationCenter.swift */ = {isa = PBXFileReference; lastKnownFileType = sourcecode.swift; path = "Reactive+NotificationCenter.swift"; sourceTree = "<group>"; };
		AA78BB53218EB31C000B4CD8 /* ShortcutParser.swift */ = {isa = PBXFileReference; lastKnownFileType = sourcecode.swift; path = ShortcutParser.swift; sourceTree = "<group>"; };
		AA78BB55218EB37C000B4CD8 /* DeepLinkManager.swift */ = {isa = PBXFileReference; lastKnownFileType = sourcecode.swift; path = DeepLinkManager.swift; sourceTree = "<group>"; };
		AA78BB57218EBB5B000B4CD8 /* RxQRUtil.swift */ = {isa = PBXFileReference; lastKnownFileType = sourcecode.swift; path = RxQRUtil.swift; sourceTree = "<group>"; };
		AA78BB59218F04F2000B4CD8 /* MeViewController.swift */ = {isa = PBXFileReference; lastKnownFileType = sourcecode.swift; path = MeViewController.swift; sourceTree = "<group>"; };
		AA78BB5B218F14F0000B4CD8 /* CollectionCell.xml */ = {isa = PBXFileReference; lastKnownFileType = text.xml; path = CollectionCell.xml; sourceTree = "<group>"; };
		AA78BB5D218F331B000B4CD8 /* MeHeaderCell.xml */ = {isa = PBXFileReference; lastKnownFileType = text.xml; path = MeHeaderCell.xml; sourceTree = "<group>"; };
		AA8978642185658C005A61CA /* Reactive+UIScrollView.swift */ = {isa = PBXFileReference; lastKnownFileType = sourcecode.swift; path = "Reactive+UIScrollView.swift"; sourceTree = "<group>"; };
		AA89786621856D88005A61CA /* ImageEffects+Accelerate.swift */ = {isa = PBXFileReference; lastKnownFileType = sourcecode.swift; path = "ImageEffects+Accelerate.swift"; sourceTree = "<group>"; };
		AA8978682185759F005A61CA /* Reactive+UIImageView.swift */ = {isa = PBXFileReference; lastKnownFileType = sourcecode.swift; path = "Reactive+UIImageView.swift"; sourceTree = "<group>"; };
		AA89786E21858891005A61CA /* TabButton.swift */ = {isa = PBXFileReference; lastKnownFileType = sourcecode.swift; path = TabButton.swift; sourceTree = "<group>"; };
		AA897870218588A2005A61CA /* TabButton.xml */ = {isa = PBXFileReference; lastKnownFileType = text.xml; path = TabButton.xml; sourceTree = "<group>"; };
		AA897872218590E4005A61CA /* HomeTitleView.xml */ = {isa = PBXFileReference; lastKnownFileType = text.xml; path = HomeTitleView.xml; sourceTree = "<group>"; };
		AAA920B92198289700EFC581 /* Base */ = {isa = PBXFileReference; lastKnownFileType = text.plist.strings; name = Base; path = Example/Base.lproj/InfoPlist.strings; sourceTree = SOURCE_ROOT; };
		AAA920BC219828F200EFC581 /* zh-Hans */ = {isa = PBXFileReference; lastKnownFileType = text.plist.strings; name = "zh-Hans"; path = "../zh-Hans.lproj/InfoPlist.strings"; sourceTree = "<group>"; };
		AAC5EB6A215E7BB7008EBA1F /* Example.app */ = {isa = PBXFileReference; explicitFileType = wrapper.application; includeInIndex = 0; path = Example.app; sourceTree = BUILT_PRODUCTS_DIR; };
		AAC5EB6D215E7BB7008EBA1F /* AppDelegate.swift */ = {isa = PBXFileReference; lastKnownFileType = sourcecode.swift; path = AppDelegate.swift; sourceTree = "<group>"; };
		AAC5EB6F215E7BB7008EBA1F /* AuthViewController.swift */ = {isa = PBXFileReference; lastKnownFileType = sourcecode.swift; path = AuthViewController.swift; sourceTree = "<group>"; };
		AAC5EB74215E7BB9008EBA1F /* Assets.xcassets */ = {isa = PBXFileReference; lastKnownFileType = folder.assetcatalog; path = Assets.xcassets; sourceTree = "<group>"; };
		AAC5EB77215E7BB9008EBA1F /* Base */ = {isa = PBXFileReference; lastKnownFileType = file.storyboard; name = Base; path = Base.lproj/LaunchScreen.storyboard; sourceTree = "<group>"; };
		AAC5EB79215E7BB9008EBA1F /* Info.plist */ = {isa = PBXFileReference; lastKnownFileType = text.plist.xml; path = Info.plist; sourceTree = "<group>"; };
		AAC5EB7E215E7BB9008EBA1F /* ExampleTests.xctest */ = {isa = PBXFileReference; explicitFileType = wrapper.cfbundle; includeInIndex = 0; path = ExampleTests.xctest; sourceTree = BUILT_PRODUCTS_DIR; };
		AAC5EB82215E7BB9008EBA1F /* ExampleTests.swift */ = {isa = PBXFileReference; lastKnownFileType = sourcecode.swift; path = ExampleTests.swift; sourceTree = "<group>"; };
		AAC5EB84215E7BB9008EBA1F /* Info.plist */ = {isa = PBXFileReference; lastKnownFileType = text.plist.xml; path = Info.plist; sourceTree = "<group>"; };
		AAC5EB8F215E7D56008EBA1F /* AppEnv.swift */ = {isa = PBXFileReference; lastKnownFileType = sourcecode.swift; path = AppEnv.swift; sourceTree = "<group>"; };
		AAC5EB92215E7DE8008EBA1F /* User.swift */ = {isa = PBXFileReference; lastKnownFileType = sourcecode.swift; path = User.swift; sourceTree = "<group>"; };
		AAC5EB9A215E7E89008EBA1F /* AuthService.swift */ = {isa = PBXFileReference; lastKnownFileType = sourcecode.swift; path = AuthService.swift; sourceTree = "<group>"; };
		AAC5EB9D215E7EB4008EBA1F /* UIColor+Hex.swift */ = {isa = PBXFileReference; lastKnownFileType = sourcecode.swift; path = "UIColor+Hex.swift"; sourceTree = "<group>"; };
		AAC5EBA0215E7F10008EBA1F /* AuthViewController.xml */ = {isa = PBXFileReference; lastKnownFileType = text.xml; path = AuthViewController.xml; sourceTree = "<group>"; };
		AAC5EBA2215E808D008EBA1F /* OAuth2Service.swift */ = {isa = PBXFileReference; lastKnownFileType = sourcecode.swift; path = OAuth2Service.swift; sourceTree = "<group>"; };
		AAC5EBA4215F5849008EBA1F /* HomeTabViewController.swift */ = {isa = PBXFileReference; lastKnownFileType = sourcecode.swift; path = HomeTabViewController.swift; sourceTree = "<group>"; };
		AAC5EBA6215F5860008EBA1F /* HomeTabViewController.xml */ = {isa = PBXFileReference; lastKnownFileType = text.xml; path = HomeTabViewController.xml; sourceTree = "<group>"; };
		AAC5EBAB215F6A9E008EBA1F /* Example-Bridging-Header.h */ = {isa = PBXFileReference; lastKnownFileType = sourcecode.c.h; path = "Example-Bridging-Header.h"; sourceTree = "<group>"; };
		AADD25B8218AC2660080DA61 /* LocalConfig.xcconfig */ = {isa = PBXFileReference; lastKnownFileType = text.xcconfig; path = LocalConfig.xcconfig; sourceTree = "<group>"; };
		AAE49EF32168EF89004BDBD7 /* QuartzCore.framework */ = {isa = PBXFileReference; lastKnownFileType = wrapper.framework; name = QuartzCore.framework; path = System/Library/Frameworks/QuartzCore.framework; sourceTree = SDKROOT; };
		AAE49EF52169D2FB004BDBD7 /* TourViewController.swift */ = {isa = PBXFileReference; lastKnownFileType = sourcecode.swift; path = TourViewController.swift; sourceTree = "<group>"; };
		AAE49EF72169D315004BDBD7 /* TourViewController.xml */ = {isa = PBXFileReference; lastKnownFileType = text.xml; path = TourViewController.xml; sourceTree = "<group>"; };
		AAE49EF9216A2783004BDBD7 /* AppData.swift */ = {isa = PBXFileReference; lastKnownFileType = sourcecode.swift; path = AppData.swift; sourceTree = "<group>"; };
		AAE49EFD216AE281004BDBD7 /* Shallows+Rx.swift */ = {isa = PBXFileReference; lastKnownFileType = sourcecode.swift; path = "Shallows+Rx.swift"; sourceTree = "<group>"; };
		AAE49F01216BA2EE004BDBD7 /* RegisterViewController.swift */ = {isa = PBXFileReference; lastKnownFileType = sourcecode.swift; path = RegisterViewController.swift; sourceTree = "<group>"; };
		AAE49F0E216CCB3D004BDBD7 /* zh-Hans */ = {isa = PBXFileReference; lastKnownFileType = text.plist.strings; name = "zh-Hans"; path = "zh-Hans.lproj/LaunchScreen.strings"; sourceTree = "<group>"; };
		AAE49F12216CCBCD004BDBD7 /* Base */ = {isa = PBXFileReference; lastKnownFileType = text.plist.strings; name = Base; path = Base.lproj/Localizable.strings; sourceTree = "<group>"; };
		AAE49F14216CCC6E004BDBD7 /* zh-Hans */ = {isa = PBXFileReference; lastKnownFileType = text.plist.strings; name = "zh-Hans"; path = "zh-Hans.lproj/Localizable.strings"; sourceTree = "<group>"; };
		AAF5CA4821821F3B006DE332 /* UIApplication+StatusBar.swift */ = {isa = PBXFileReference; lastKnownFileType = sourcecode.swift; path = "UIApplication+StatusBar.swift"; sourceTree = "<group>"; };
		AAFA6621217D8031000217C9 /* MultipleSectionModel.swift */ = {isa = PBXFileReference; lastKnownFileType = sourcecode.swift; path = MultipleSectionModel.swift; sourceTree = "<group>"; };
		AAFA6623217D886B000217C9 /* SceneCell.swift */ = {isa = PBXFileReference; lastKnownFileType = sourcecode.swift; path = SceneCell.swift; sourceTree = "<group>"; };
		AAFA6625217D88F9000217C9 /* SceneViewReactor.swift */ = {isa = PBXFileReference; lastKnownFileType = sourcecode.swift; path = SceneViewReactor.swift; sourceTree = "<group>"; };
/* End PBXFileReference section */

/* Begin PBXFrameworksBuildPhase section */
		AAC5EB67215E7BB7008EBA1F /* Frameworks */ = {
			isa = PBXFrameworksBuildPhase;
			buildActionMask = 2147483647;
			files = (
				570F601CD990CB5926A7F131 /* Pods_Example.framework in Frameworks */,
			);
			runOnlyForDeploymentPostprocessing = 0;
		};
		AAC5EB7B215E7BB9008EBA1F /* Frameworks */ = {
			isa = PBXFrameworksBuildPhase;
			buildActionMask = 2147483647;
			files = (
			);
			runOnlyForDeploymentPostprocessing = 0;
		};
/* End PBXFrameworksBuildPhase section */

/* Begin PBXGroup section */
		2D24BCDECDE01F1A9890896E /* Frameworks */ = {
			isa = PBXGroup;
			children = (
				AAE49EF32168EF89004BDBD7 /* QuartzCore.framework */,
				4EEFA4AE87F8AD74832D9478 /* Pods_Example.framework */,
			);
			name = Frameworks;
			sourceTree = "<group>";
		};
		AA30C06221679A3000B9E0EB /* Shortcuts */ = {
			isa = PBXGroup;
			children = (
				AA78BB53218EB31C000B4CD8 /* ShortcutParser.swift */,
				AA78BB55218EB37C000B4CD8 /* DeepLinkManager.swift */,
			);
			path = Shortcuts;
			sourceTree = "<group>";
		};
		AA3E0E8D2170891800958937 /* ViewModels */ = {
			isa = PBXGroup;
			children = (
				AA420585217AD80C0068ABC0 /* ModelType.swift */,
				AAFA6621217D8031000217C9 /* MultipleSectionModel.swift */,
			);
			path = ViewModels;
			sourceTree = "<group>";
		};
		AA433F0E218C511F00BA60A1 /* Extensions */ = {
			isa = PBXGroup;
			children = (
				AA433F0F218C515D00BA60A1 /* Rx */,
				AA433F0A218C4B2D00BA60A1 /* AppDelegate+CocoaDebug.swift */,
				AA433F06218C4A1900BA60A1 /* AppDelegate+Logging.swift */,
				AA433F02218C491100BA60A1 /* AppDelegate+Push.swift */,
				AA433F04218C49A500BA60A1 /* AppDelegate+Navigation.swift */,
				AA54DF422188424000CE0CA0 /* AnimationExtensions.swift */,
				AA89786621856D88005A61CA /* ImageEffects+Accelerate.swift */,
				AA3E0EBA21737D0600958937 /* LayoutExtensions.swift */,
				AA78BB45218D6814000B4CD8 /* NotificationCenter+.swift */,
				AA683A06216F3D5400E4097B /* String+UrlEncode.swift */,
				AAF5CA4821821F3B006DE332 /* UIApplication+StatusBar.swift */,
				AA4B49192178883E00A60C11 /* UICollectionViewDelegateFlexLayout.swift */,
				AA4B491D2178883F00A60C11 /* UICollectionViewFlexLayout.swift */,
				AAC5EB9D215E7EB4008EBA1F /* UIColor+Hex.swift */,
				AA30C0672167AA3600B9E0EB /* UINavigationController+Bar.swift */,
				AA3E0EA42172328100958937 /* UIStackView+.swift */,
				AA420587217B66210068ABC0 /* UIView+Blur.swift */,
				AA4B49182178883E00A60C11 /* Then.swift */,
				AA4B491B2178883E00A60C11 /* SwiftyColor.swift */,
			);
			path = Extensions;
			sourceTree = "<group>";
		};
		AA433F0F218C515D00BA60A1 /* Rx */ = {
			isa = PBXGroup;
			children = (
				AA4B49152178800A00A60C11 /* Reactive+FSPagerView.swift */,
				AA4B48E32175006100A60C11 /* Reactive+Layout.swift */,
				AA78BB47218D6D27000B4CD8 /* Reactive+NotificationCenter.swift */,
				AA4B48F7217736D900A60C11 /* Reactive+OAuth2.swift */,
				AA4B48E12174E1D300A60C11 /* Reactive+Reuseable.swift */,
				AA38DCA6217EF4D70046D82D /* Reactive+StatusBar.swift */,
				AA4B49172178883E00A60C11 /* Reactive+UICollectionViewFlexLayout.swift */,
				AA8978682185759F005A61CA /* Reactive+UIImageView.swift */,
				AA8978642185658C005A61CA /* Reactive+UIScrollView.swift */,
				AA4B491A2178883E00A60C11 /* Reactive+UIViewController.swift */,
				AAE49EFD216AE281004BDBD7 /* Shallows+Rx.swift */,
			);
			path = Rx;
			sourceTree = "<group>";
		};
		AA433F10218C519A00BA60A1 /* Rx */ = {
			isa = PBXGroup;
			children = (
			);
			path = Rx;
			sourceTree = "<group>";
		};
		AA433F11218C525500BA60A1 /* IDEConfig */ = {
			isa = PBXGroup;
			children = (
				AADD25B8218AC2660080DA61 /* LocalConfig.xcconfig */,
				AA4B48F42177193900A60C11 /* ProdConfig.xcconfig */,
				AA4B48F3217718EA00A60C11 /* DevConfig.xcconfig */,
			);
			path = IDEConfig;
			sourceTree = "<group>";
		};
		AA4B48EC2175CA1B00A60C11 /* Reactors */ = {
			isa = PBXGroup;
			children = (
				AA4B48F521772EE800A60C11 /* AuthViewControllerReactor.swift */,
				AA4B4943217A462200A60C11 /* BannerViewReactor.swift */,
				AA42058F217B939B0068ABC0 /* ChannelViewReactor.swift */,
				AA4B48ED2175CA4D00A60C11 /* HomeViewControllerReactor.swift */,
				AAFA6625217D88F9000217C9 /* SceneViewReactor.swift */,
				AA3AB88D21841ABA00470276 /* SplashViewControllerReactor.swift */,
				AA3AB88F2184828800470276 /* TourViewControllerReactor.swift */,
				AA54DF4721892C9F00CE0CA0 /* ReactorExtension.swift */,
			);
			path = Reactors;
			sourceTree = "<group>";
		};
		AA6839D4216DB8B000E4097B /* Views */ = {
			isa = PBXGroup;
			children = (
				AA4B492F2178EB2500A60C11 /* BannerView.swift */,
				AA4B49312178EBA400A60C11 /* BannerView.xml */,
				AA4B4941217A112200A60C11 /* BaseView.swift */,
				AA4B493D217A0B5000A60C11 /* BaseItemCell.swift */,
				AA4B49362179A1DC00A60C11 /* ChannelCell.swift */,
				AA42058D217B8C680068ABC0 /* ChannelView.swift */,
				AA420591217B94820068ABC0 /* ChannelView.xml */,
				AA420595217C0C2E0068ABC0 /* IconLabelButton.xml */,
				AA4205A5217C9B5F0068ABC0 /* HeaderView.swift */,
				AA4205A3217C9B510068ABC0 /* HeaderView.xml */,
				AAFA6623217D886B000217C9 /* SceneCell.swift */,
				AA3AB8952184C65600470276 /* HomeTitleView.swift */,
				AA897872218590E4005A61CA /* HomeTitleView.xml */,
				AA89786E21858891005A61CA /* TabButton.swift */,
				AA897870218588A2005A61CA /* TabButton.xml */,
			);
			path = Views;
			sourceTree = "<group>";
		};
		AAA920B72198280600EFC581 /* SupportFiles */ = {
			isa = PBXGroup;
			children = (
				AAC5EB76215E7BB9008EBA1F /* LaunchScreen.storyboard */,
				AAE49F11216CCBCD004BDBD7 /* Localizable.strings */,
				AAC5EB79215E7BB9008EBA1F /* Info.plist */,
				AAA920B82198289700EFC581 /* InfoPlist.strings */,
			);
			path = SupportFiles;
			sourceTree = "<group>";
		};
		AAC5EB61215E7BB7008EBA1F = {
			isa = PBXGroup;
			children = (
				AA433F11218C525500BA60A1 /* IDEConfig */,
				AAC5EB6C215E7BB7008EBA1F /* Example */,
				AAC5EB81215E7BB9008EBA1F /* ExampleTests */,
				AAC5EB6B215E7BB7008EBA1F /* Products */,
				2D24BCDECDE01F1A9890896E /* Frameworks */,
				BF90B00400F948A3C6BEF83D /* Pods */,
			);
			sourceTree = "<group>";
		};
		AAC5EB6B215E7BB7008EBA1F /* Products */ = {
			isa = PBXGroup;
			children = (
				AAC5EB6A215E7BB7008EBA1F /* Example.app */,
				AAC5EB7E215E7BB9008EBA1F /* ExampleTests.xctest */,
			);
			name = Products;
			sourceTree = "<group>";
		};
		AAC5EB6C215E7BB7008EBA1F /* Example */ = {
			isa = PBXGroup;
			children = (
				AA433F01218B40B100BA60A1 /* Example.entitlements */,
				AAC5EB8E215E7D48008EBA1F /* Config */,
				AA30C06221679A3000B9E0EB /* Shortcuts */,
				AAC5EB91215E7DD9008EBA1F /* Domain */,
				AA433F0E218C511F00BA60A1 /* Extensions */,
				AAC5EB96215E7E2E008EBA1F /* Navigator */,
				AA4B48EC2175CA1B00A60C11 /* Reactors */,
				AAC5EB99215E7E71008EBA1F /* Services */,
				AAA920B72198280600EFC581 /* SupportFiles */,
				AAC5EB9C215E7EA4008EBA1F /* Utils */,
				AA6839D4216DB8B000E4097B /* Views */,
				AAC5EB9F215E7ED8008EBA1F /* ViewControllers */,
				AA3E0E8D2170891800958937 /* ViewModels */,
				AAC5EB6D215E7BB7008EBA1F /* AppDelegate.swift */,
				AAC5EBAB215F6A9E008EBA1F /* Example-Bridging-Header.h */,
				AAC5EB74215E7BB9008EBA1F /* Assets.xcassets */,
				AA3E0E9A2171176300958937 /* data.json */,
			);
			path = Example;
			sourceTree = "<group>";
		};
		AAC5EB81215E7BB9008EBA1F /* ExampleTests */ = {
			isa = PBXGroup;
			children = (
				AAC5EB82215E7BB9008EBA1F /* ExampleTests.swift */,
				AAC5EB84215E7BB9008EBA1F /* Info.plist */,
			);
			path = ExampleTests;
			sourceTree = "<group>";
		};
		AAC5EB8E215E7D48008EBA1F /* Config */ = {
			isa = PBXGroup;
			children = (
				AAC5EB8F215E7D56008EBA1F /* AppEnv.swift */,
				AA6839D7216DE04F00E4097B /* UIColor+Theme.swift */,
				AA6839D9216DE1EA00E4097B /* AppIcons.swift */,
				AA6839DB216E08EC00E4097B /* AppAttributedStrings.swift */,
				AA6839DD216E0A0500E4097B /* AppLayoutClousures.swift */,
			);
			path = Config;
			sourceTree = "<group>";
		};
		AAC5EB91215E7DD9008EBA1F /* Domain */ = {
			isa = PBXGroup;
			children = (
				AAC5EB92215E7DE8008EBA1F /* User.swift */,
				AA4B48EF2175E4D000A60C11 /* APIError.swift */,
				AAE49EF9216A2783004BDBD7 /* AppData.swift */,
				AA4B48F121761F7400A60C11 /* AuthError.swift */,
				AA683A08216F434C00E4097B /* Banner.swift */,
				AA3E0E7B217053BD00958937 /* Deivce.swift */,
				AA3E0E892170841700958937 /* HomeInfo.swift */,
				AA3E0E7921704E6F00958937 /* House.swift */,
				AA3E0E7D2170540F00958937 /* Product.swift */,
				AA3E0E7F2170543D00958937 /* ProductCategory.swift */,
				AA3E0E812170589F00958937 /* Scene.swift */,
				AA3E0E8521705B4C00958937 /* ScriptTask.swift */,
				AA3E0E8721707DD400958937 /* ScriptTrigger.swift */,
			);
			path = Domain;
			sourceTree = "<group>";
		};
		AAC5EB96215E7E2E008EBA1F /* Navigator */ = {
			isa = PBXGroup;
			children = (
				AA693DC22161FF620063D749 /* NavigationMap.swift */,
			);
			path = Navigator;
			sourceTree = "<group>";
		};
		AAC5EB99215E7E71008EBA1F /* Services */ = {
			isa = PBXGroup;
			children = (
				AAC5EB9A215E7E89008EBA1F /* AuthService.swift */,
				AA683A02216F128800E4097B /* HomeService.swift */,
				AAC5EBA2215E808D008EBA1F /* OAuth2Service.swift */,
				AA433F12218C8D9700BA60A1 /* NotificationService.swift */,
			);
			path = Services;
			sourceTree = "<group>";
		};
		AAC5EB9C215E7EA4008EBA1F /* Utils */ = {
			isa = PBXGroup;
			children = (
				AA433F10218C519A00BA60A1 /* Rx */,
				AA433F08218C4AB300BA60A1 /* Global.swift */,
				AA683A04216F3BD700E4097B /* MoyaUtils.swift */,
				AA4B493B2179BBD900A60C11 /* Permission.swift */,
				AA3E0E772170478200958937 /* PullToRefreshUtil.swift */,
				AA38DCA4217EF41F0046D82D /* RxUtil.swift */,
				AA4B491C2178883F00A60C11 /* RxKeyboard.swift */,
				AA78BB57218EBB5B000B4CD8 /* RxQRUtil.swift */,
			);
			path = Utils;
			sourceTree = "<group>";
		};
		AAC5EB9F215E7ED8008EBA1F /* ViewControllers */ = {
			isa = PBXGroup;
			children = (
				AAC5EB6F215E7BB7008EBA1F /* AuthViewController.swift */,
				AAC5EBA0215E7F10008EBA1F /* AuthViewController.xml */,
				AA4B48F9217768CE00A60C11 /* BaseViewController.swift */,
				AA4B49252178B0A900A60C11 /* BannerCell.xml */,
				AA4B49292178BADD00A60C11 /* ChannelCell.xml */,
				AAC5EBA4215F5849008EBA1F /* HomeTabViewController.swift */,
				AAC5EBA6215F5860008EBA1F /* HomeTabViewController.xml */,
				AA693DB62160EEB70063D749 /* HomeViewController.swift */,
				AA693DB82160EF4C0063D749 /* HomeViewController.xml */,
				AA693DC02161F6460063D749 /* SettingViewController.swift */,
				AA78BB59218F04F2000B4CD8 /* MeViewController.swift */,
				AA693DBE2161F6330063D749 /* MeViewController.xml */,
				AA78BB5D218F331B000B4CD8 /* MeHeaderCell.xml */,
				AA78BB5B218F14F0000B4CD8 /* CollectionCell.xml */,
				AAE49F01216BA2EE004BDBD7 /* RegisterViewController.swift */,
				AA30C05E2167555C00B9E0EB /* RootViewController.swift */,
				AA4B492B2178CA0F00A60C11 /* SceneCell.xml */,
				AA693DBA2161F6010063D749 /* SocialViewController.swift */,
				AA693DBC2161F61D0063D749 /* SocialViewController.xml */,
				AA30C05A2167533E00B9E0EB /* SplashViewController.swift */,
				AA30C0602167561E00B9E0EB /* SplashViewController.xml */,
				AAE49EF52169D2FB004BDBD7 /* TourViewController.swift */,
				AAE49EF72169D315004BDBD7 /* TourViewController.xml */,
			);
			path = ViewControllers;
			sourceTree = "<group>";
		};
		BF90B00400F948A3C6BEF83D /* Pods */ = {
			isa = PBXGroup;
			children = (
				83DACA3EE6BE698B8AB9D41F /* Pods-Example.debug.xcconfig */,
				8E5FD09C8718DB4DD6F6C2D9 /* Pods-Example.release.xcconfig */,
			);
			name = Pods;
			sourceTree = "<group>";
		};
/* End PBXGroup section */

/* Begin PBXNativeTarget section */
		AAC5EB69215E7BB7008EBA1F /* Example */ = {
			isa = PBXNativeTarget;
			buildConfigurationList = AAC5EB87215E7BB9008EBA1F /* Build configuration list for PBXNativeTarget "Example" */;
			buildPhases = (
				53DD36078304805F6602208F /* [CP] Check Pods Manifest.lock */,
				AAC5EB66215E7BB7008EBA1F /* Sources */,
				AAC5EB67215E7BB7008EBA1F /* Frameworks */,
				AAC5EB68215E7BB7008EBA1F /* Resources */,
				DC0B7E1C246E233D10281F3A /* [CP] Embed Pods Frameworks */,
			);
			buildRules = (
			);
			dependencies = (
			);
			name = Example;
			productName = Example;
			productReference = AAC5EB6A215E7BB7008EBA1F /* Example.app */;
			productType = "com.apple.product-type.application";
		};
		AAC5EB7D215E7BB9008EBA1F /* ExampleTests */ = {
			isa = PBXNativeTarget;
			buildConfigurationList = AAC5EB8A215E7BB9008EBA1F /* Build configuration list for PBXNativeTarget "ExampleTests" */;
			buildPhases = (
				AAC5EB7A215E7BB9008EBA1F /* Sources */,
				AAC5EB7B215E7BB9008EBA1F /* Frameworks */,
				AAC5EB7C215E7BB9008EBA1F /* Resources */,
			);
			buildRules = (
			);
			dependencies = (
				AAC5EB80215E7BB9008EBA1F /* PBXTargetDependency */,
			);
			name = ExampleTests;
			productName = ExampleTests;
			productReference = AAC5EB7E215E7BB9008EBA1F /* ExampleTests.xctest */;
			productType = "com.apple.product-type.bundle.unit-test";
		};
/* End PBXNativeTarget section */

/* Begin PBXProject section */
		AAC5EB62215E7BB7008EBA1F /* Project object */ = {
			isa = PBXProject;
			attributes = {
				LastSwiftUpdateCheck = 1000;
				LastUpgradeCheck = 1000;
				ORGANIZATIONNAME = twigcodes;
				TargetAttributes = {
					AAC5EB69215E7BB7008EBA1F = {
						CreatedOnToolsVersion = 10.0;
						LastSwiftMigration = 1000;
						SystemCapabilities = {
							com.apple.Push = {
								enabled = 1;
							};
						};
					};
					AAC5EB7D215E7BB9008EBA1F = {
						CreatedOnToolsVersion = 10.0;
						DevelopmentTeam = U4F2KFJUHF;
						ProvisioningStyle = Manual;
						TestTargetID = AAC5EB69215E7BB7008EBA1F;
					};
				};
			};
			buildConfigurationList = AAC5EB65215E7BB7008EBA1F /* Build configuration list for PBXProject "Example" */;
			compatibilityVersion = "Xcode 9.3";
			developmentRegion = en;
			hasScannedForEncodings = 0;
			knownRegions = (
				en,
				Base,
				"zh-Hans",
			);
			mainGroup = AAC5EB61215E7BB7008EBA1F;
			productRefGroup = AAC5EB6B215E7BB7008EBA1F /* Products */;
			projectDirPath = "";
			projectRoot = "";
			targets = (
				AAC5EB69215E7BB7008EBA1F /* Example */,
				AAC5EB7D215E7BB9008EBA1F /* ExampleTests */,
			);
		};
/* End PBXProject section */

/* Begin PBXResourcesBuildPhase section */
		AAC5EB68215E7BB7008EBA1F /* Resources */ = {
			isa = PBXResourcesBuildPhase;
			buildActionMask = 2147483647;
			files = (
				AA4205A4217C9B510068ABC0 /* HeaderView.xml in Resources */,
				AAA920BA2198289700EFC581 /* InfoPlist.strings in Resources */,
				AA897871218588A2005A61CA /* TabButton.xml in Resources */,
				AAC5EB78215E7BB9008EBA1F /* LaunchScreen.storyboard in Resources */,
				AA693DBD2161F61D0063D749 /* SocialViewController.xml in Resources */,
				AAE49F13216CCBCD004BDBD7 /* Localizable.strings in Resources */,
				AA420596217C0C2E0068ABC0 /* IconLabelButton.xml in Resources */,
				AA3E0E9B2171176300958937 /* data.json in Resources */,
				AA4B49262178B0A900A60C11 /* BannerCell.xml in Resources */,
				AAC5EBA1215E7F10008EBA1F /* AuthViewController.xml in Resources */,
				AA78BB5C218F14F0000B4CD8 /* CollectionCell.xml in Resources */,
				AAC5EB75215E7BB9008EBA1F /* Assets.xcassets in Resources */,
				AA4B492A2178BADD00A60C11 /* ChannelCell.xml in Resources */,
				AA693DB92160EF4C0063D749 /* HomeViewController.xml in Resources */,
				AA4B492C2178CA0F00A60C11 /* SceneCell.xml in Resources */,
				AA4B49322178EBA400A60C11 /* BannerView.xml in Resources */,
				AA693DBF2161F6330063D749 /* MeViewController.xml in Resources */,
				AA78BB5E218F331B000B4CD8 /* MeHeaderCell.xml in Resources */,
				AA420592217B94820068ABC0 /* ChannelView.xml in Resources */,
				AAE49EF82169D315004BDBD7 /* TourViewController.xml in Resources */,
				AAC5EBA7215F5860008EBA1F /* HomeTabViewController.xml in Resources */,
				AA897873218590E4005A61CA /* HomeTitleView.xml in Resources */,
				AA30C0612167561E00B9E0EB /* SplashViewController.xml in Resources */,
			);
			runOnlyForDeploymentPostprocessing = 0;
		};
		AAC5EB7C215E7BB9008EBA1F /* Resources */ = {
			isa = PBXResourcesBuildPhase;
			buildActionMask = 2147483647;
			files = (
			);
			runOnlyForDeploymentPostprocessing = 0;
		};
/* End PBXResourcesBuildPhase section */

/* Begin PBXShellScriptBuildPhase section */
		53DD36078304805F6602208F /* [CP] Check Pods Manifest.lock */ = {
			isa = PBXShellScriptBuildPhase;
			buildActionMask = 2147483647;
			files = (
			);
			inputPaths = (
				"${PODS_PODFILE_DIR_PATH}/Podfile.lock",
				"${PODS_ROOT}/Manifest.lock",
			);
			name = "[CP] Check Pods Manifest.lock";
			outputPaths = (
				"$(DERIVED_FILE_DIR)/Pods-Example-checkManifestLockResult.txt",
			);
			runOnlyForDeploymentPostprocessing = 0;
			shellPath = /bin/sh;
			shellScript = "diff \"${PODS_PODFILE_DIR_PATH}/Podfile.lock\" \"${PODS_ROOT}/Manifest.lock\" > /dev/null\nif [ $? != 0 ] ; then\n    # print error to STDERR\n    echo \"error: The sandbox is not in sync with the Podfile.lock. Run 'pod install' or update your CocoaPods installation.\" >&2\n    exit 1\nfi\n# This output is used by Xcode 'outputs' to avoid re-running this script phase.\necho \"SUCCESS\" > \"${SCRIPT_OUTPUT_FILE_0}\"\n";
			showEnvVarsInLog = 0;
		};
		DC0B7E1C246E233D10281F3A /* [CP] Embed Pods Frameworks */ = {
			isa = PBXShellScriptBuildPhase;
			buildActionMask = 2147483647;
			files = (
			);
			inputPaths = (
				"${SRCROOT}/Pods/Target Support Files/Pods-Example/Pods-Example-frameworks.sh",
				"${BUILT_PRODUCTS_DIR}/Action/Action.framework",
				"${BUILT_PRODUCTS_DIR}/Alamofire/Alamofire.framework",
				"${BUILT_PRODUCTS_DIR}/CocoaAsyncSocket/CocoaAsyncSocket.framework",
				"${BUILT_PRODUCTS_DIR}/CocoaDebug/CocoaDebug.framework",
				"${BUILT_PRODUCTS_DIR}/Differentiator/Differentiator.framework",
				"${BUILT_PRODUCTS_DIR}/Dollar/Dollar.framework",
				"${BUILT_PRODUCTS_DIR}/EAIntroView/EAIntroView.framework",
				"${BUILT_PRODUCTS_DIR}/EARestrictedScrollView/EARestrictedScrollView.framework",
				"${BUILT_PRODUCTS_DIR}/Eureka/Eureka.framework",
				"${BUILT_PRODUCTS_DIR}/FLAnimatedImage/FLAnimatedImage.framework",
				"${BUILT_PRODUCTS_DIR}/FSPagerView/FSPagerView.framework",
				"${BUILT_PRODUCTS_DIR}/JWTDecode/JWTDecode.framework",
				"${BUILT_PRODUCTS_DIR}/JustLog/JustLog.framework",
				"${BUILT_PRODUCTS_DIR}/Layout/Layout.framework",
				"${BUILT_PRODUCTS_DIR}/Moya/Moya.framework",
				"${BUILT_PRODUCTS_DIR}/Moya-ObjectMapper/Moya_ObjectMapper.framework",
				"${BUILT_PRODUCTS_DIR}/ObjectMapper/ObjectMapper.framework",
				"${BUILT_PRODUCTS_DIR}/PINCache/PINCache.framework",
				"${BUILT_PRODUCTS_DIR}/PINRemoteImage/PINRemoteImage.framework",
				"${BUILT_PRODUCTS_DIR}/PMAlertController/PMAlertController.framework",
				"${BUILT_PRODUCTS_DIR}/PullToRefreshKit/PullToRefreshKit.framework",
				"${BUILT_PRODUCTS_DIR}/ReactorKit/ReactorKit.framework",
				"${BUILT_PRODUCTS_DIR}/Result/Result.framework",
				"${PODS_ROOT}/Reveal-SDK/RevealServer-19/iOS/RevealServer.framework",
				"${BUILT_PRODUCTS_DIR}/RxCocoa/RxCocoa.framework",
				"${BUILT_PRODUCTS_DIR}/RxDataSources/RxDataSources.framework",
				"${BUILT_PRODUCTS_DIR}/RxGesture/RxGesture.framework",
				"${BUILT_PRODUCTS_DIR}/RxOptional/RxOptional.framework",
				"${BUILT_PRODUCTS_DIR}/RxQRScanner/RxQRScanner.framework",
				"${BUILT_PRODUCTS_DIR}/RxSwift/RxSwift.framework",
				"${BUILT_PRODUCTS_DIR}/RxSwiftExt/RxSwiftExt.framework",
				"${BUILT_PRODUCTS_DIR}/Shallows/Shallows.framework",
				"${BUILT_PRODUCTS_DIR}/SnapKit/SnapKit.framework",
				"${BUILT_PRODUCTS_DIR}/SwiftIconFont/SwiftIconFont.framework",
				"${BUILT_PRODUCTS_DIR}/SwiftyBeaver/SwiftyBeaver.framework",
				"${BUILT_PRODUCTS_DIR}/Swinject/Swinject.framework",
				"${BUILT_PRODUCTS_DIR}/UITextView+Placeholder/UITextView_Placeholder.framework",
				"${BUILT_PRODUCTS_DIR}/URLNavigator/URLNavigator.framework",
				"${BUILT_PRODUCTS_DIR}/p2.OAuth2/p2_OAuth2.framework",
				"${BUILT_PRODUCTS_DIR}/pop/pop.framework",
			);
			name = "[CP] Embed Pods Frameworks";
			outputPaths = (
				"${TARGET_BUILD_DIR}/${FRAMEWORKS_FOLDER_PATH}/Action.framework",
				"${TARGET_BUILD_DIR}/${FRAMEWORKS_FOLDER_PATH}/Alamofire.framework",
				"${TARGET_BUILD_DIR}/${FRAMEWORKS_FOLDER_PATH}/CocoaAsyncSocket.framework",
				"${TARGET_BUILD_DIR}/${FRAMEWORKS_FOLDER_PATH}/CocoaDebug.framework",
				"${TARGET_BUILD_DIR}/${FRAMEWORKS_FOLDER_PATH}/Differentiator.framework",
				"${TARGET_BUILD_DIR}/${FRAMEWORKS_FOLDER_PATH}/Dollar.framework",
				"${TARGET_BUILD_DIR}/${FRAMEWORKS_FOLDER_PATH}/EAIntroView.framework",
				"${TARGET_BUILD_DIR}/${FRAMEWORKS_FOLDER_PATH}/EARestrictedScrollView.framework",
				"${TARGET_BUILD_DIR}/${FRAMEWORKS_FOLDER_PATH}/Eureka.framework",
				"${TARGET_BUILD_DIR}/${FRAMEWORKS_FOLDER_PATH}/FLAnimatedImage.framework",
				"${TARGET_BUILD_DIR}/${FRAMEWORKS_FOLDER_PATH}/FSPagerView.framework",
				"${TARGET_BUILD_DIR}/${FRAMEWORKS_FOLDER_PATH}/JWTDecode.framework",
				"${TARGET_BUILD_DIR}/${FRAMEWORKS_FOLDER_PATH}/JustLog.framework",
				"${TARGET_BUILD_DIR}/${FRAMEWORKS_FOLDER_PATH}/Layout.framework",
				"${TARGET_BUILD_DIR}/${FRAMEWORKS_FOLDER_PATH}/Moya.framework",
				"${TARGET_BUILD_DIR}/${FRAMEWORKS_FOLDER_PATH}/Moya_ObjectMapper.framework",
				"${TARGET_BUILD_DIR}/${FRAMEWORKS_FOLDER_PATH}/ObjectMapper.framework",
				"${TARGET_BUILD_DIR}/${FRAMEWORKS_FOLDER_PATH}/PINCache.framework",
				"${TARGET_BUILD_DIR}/${FRAMEWORKS_FOLDER_PATH}/PINRemoteImage.framework",
				"${TARGET_BUILD_DIR}/${FRAMEWORKS_FOLDER_PATH}/PMAlertController.framework",
				"${TARGET_BUILD_DIR}/${FRAMEWORKS_FOLDER_PATH}/PullToRefreshKit.framework",
				"${TARGET_BUILD_DIR}/${FRAMEWORKS_FOLDER_PATH}/ReactorKit.framework",
				"${TARGET_BUILD_DIR}/${FRAMEWORKS_FOLDER_PATH}/Result.framework",
				"${TARGET_BUILD_DIR}/${FRAMEWORKS_FOLDER_PATH}/RevealServer.framework",
				"${TARGET_BUILD_DIR}/${FRAMEWORKS_FOLDER_PATH}/RxCocoa.framework",
				"${TARGET_BUILD_DIR}/${FRAMEWORKS_FOLDER_PATH}/RxDataSources.framework",
				"${TARGET_BUILD_DIR}/${FRAMEWORKS_FOLDER_PATH}/RxGesture.framework",
				"${TARGET_BUILD_DIR}/${FRAMEWORKS_FOLDER_PATH}/RxOptional.framework",
				"${TARGET_BUILD_DIR}/${FRAMEWORKS_FOLDER_PATH}/RxQRScanner.framework",
				"${TARGET_BUILD_DIR}/${FRAMEWORKS_FOLDER_PATH}/RxSwift.framework",
				"${TARGET_BUILD_DIR}/${FRAMEWORKS_FOLDER_PATH}/RxSwiftExt.framework",
				"${TARGET_BUILD_DIR}/${FRAMEWORKS_FOLDER_PATH}/Shallows.framework",
				"${TARGET_BUILD_DIR}/${FRAMEWORKS_FOLDER_PATH}/SnapKit.framework",
				"${TARGET_BUILD_DIR}/${FRAMEWORKS_FOLDER_PATH}/SwiftIconFont.framework",
				"${TARGET_BUILD_DIR}/${FRAMEWORKS_FOLDER_PATH}/SwiftyBeaver.framework",
				"${TARGET_BUILD_DIR}/${FRAMEWORKS_FOLDER_PATH}/Swinject.framework",
				"${TARGET_BUILD_DIR}/${FRAMEWORKS_FOLDER_PATH}/UITextView_Placeholder.framework",
				"${TARGET_BUILD_DIR}/${FRAMEWORKS_FOLDER_PATH}/URLNavigator.framework",
				"${TARGET_BUILD_DIR}/${FRAMEWORKS_FOLDER_PATH}/p2_OAuth2.framework",
				"${TARGET_BUILD_DIR}/${FRAMEWORKS_FOLDER_PATH}/pop.framework",
			);
			runOnlyForDeploymentPostprocessing = 0;
			shellPath = /bin/sh;
			shellScript = "\"${SRCROOT}/Pods/Target Support Files/Pods-Example/Pods-Example-frameworks.sh\"\n";
			showEnvVarsInLog = 0;
		};
/* End PBXShellScriptBuildPhase section */

/* Begin PBXSourcesBuildPhase section */
		AAC5EB66215E7BB7008EBA1F /* Sources */ = {
			isa = PBXSourcesBuildPhase;
			buildActionMask = 2147483647;
			files = (
				AA3E0EA52172328100958937 /* UIStackView+.swift in Sources */,
				AA30C05B2167533E00B9E0EB /* SplashViewController.swift in Sources */,
				AA3AB88E21841ABA00470276 /* SplashViewControllerReactor.swift in Sources */,
				AA693DC12161F6460063D749 /* SettingViewController.swift in Sources */,
				AA6839DA216DE1EA00E4097B /* AppIcons.swift in Sources */,
				AA30C0682167AA3600B9E0EB /* UINavigationController+Bar.swift in Sources */,
				AA78BB46218D6814000B4CD8 /* NotificationCenter+.swift in Sources */,
				AA420590217B939B0068ABC0 /* ChannelViewReactor.swift in Sources */,
				AA4B49162178800A00A60C11 /* Reactive+FSPagerView.swift in Sources */,
				AAFA6624217D886B000217C9 /* SceneCell.swift in Sources */,
				AA4B48F621772EE800A60C11 /* AuthViewControllerReactor.swift in Sources */,
				AA78BB54218EB31C000B4CD8 /* ShortcutParser.swift in Sources */,
				AA4B493E217A0B5000A60C11 /* BaseItemCell.swift in Sources */,
				AA3E0E7C217053BD00958937 /* Deivce.swift in Sources */,
				AA433F13218C8D9700BA60A1 /* NotificationService.swift in Sources */,
				AAE49EF62169D2FB004BDBD7 /* TourViewController.swift in Sources */,
				AA3E0E8621705B4C00958937 /* ScriptTask.swift in Sources */,
				AAC5EB9E215E7EB4008EBA1F /* UIColor+Hex.swift in Sources */,
				AA78BB5A218F04F2000B4CD8 /* MeViewController.swift in Sources */,
				AA4B49232178883F00A60C11 /* RxKeyboard.swift in Sources */,
				AA78BB56218EB37C000B4CD8 /* DeepLinkManager.swift in Sources */,
				AA433F09218C4AB300BA60A1 /* Global.swift in Sources */,
				AA3E0E822170589F00958937 /* Scene.swift in Sources */,
				AA433F05218C49A500BA60A1 /* AppDelegate+Navigation.swift in Sources */,
				AA4B49202178883F00A60C11 /* UICollectionViewDelegateFlexLayout.swift in Sources */,
				AA4B4944217A462200A60C11 /* BannerViewReactor.swift in Sources */,
				AA4B49222178883F00A60C11 /* SwiftyColor.swift in Sources */,
				AA3AB8962184C65600470276 /* HomeTitleView.swift in Sources */,
				AA4B48EE2175CA4D00A60C11 /* HomeViewControllerReactor.swift in Sources */,
				AAC5EB93215E7DE8008EBA1F /* User.swift in Sources */,
				AA89786721856D88005A61CA /* ImageEffects+Accelerate.swift in Sources */,
				AA54DF4821892C9F00CE0CA0 /* ReactorExtension.swift in Sources */,
				AA4B493C2179BBD900A60C11 /* Permission.swift in Sources */,
				AA693DBB2161F6010063D749 /* SocialViewController.swift in Sources */,
				AA6839DC216E08EC00E4097B /* AppAttributedStrings.swift in Sources */,
				AA30C05F2167555C00B9E0EB /* RootViewController.swift in Sources */,
				AAFA6626217D88F9000217C9 /* SceneViewReactor.swift in Sources */,
				AAF5CA4921821F3B006DE332 /* UIApplication+StatusBar.swift in Sources */,
				AA683A03216F128800E4097B /* HomeService.swift in Sources */,
				AA3E0E7E2170540F00958937 /* Product.swift in Sources */,
				AA4B49212178883F00A60C11 /* Reactive+UIViewController.swift in Sources */,
				AA4B48F02175E4D000A60C11 /* APIError.swift in Sources */,
				AA683A05216F3BD700E4097B /* MoyaUtils.swift in Sources */,
				AA420586217AD80C0068ABC0 /* ModelType.swift in Sources */,
				AA78BB58218EBB5B000B4CD8 /* RxQRUtil.swift in Sources */,
				AA433F07218C4A1900BA60A1 /* AppDelegate+Logging.swift in Sources */,
				AA433F0B218C4B2D00BA60A1 /* AppDelegate+CocoaDebug.swift in Sources */,
				AA3E0EBB21737D0600958937 /* LayoutExtensions.swift in Sources */,
				AA6839D8216DE04F00E4097B /* UIColor+Theme.swift in Sources */,
				AA3E0E8821707DD400958937 /* ScriptTrigger.swift in Sources */,
				AA54DF432188424000CE0CA0 /* AnimationExtensions.swift in Sources */,
				AA4205A6217C9B5F0068ABC0 /* HeaderView.swift in Sources */,
				AAC5EBA3215E808D008EBA1F /* OAuth2Service.swift in Sources */,
				AA3AB8902184828800470276 /* TourViewControllerReactor.swift in Sources */,
				AA4B49242178883F00A60C11 /* UICollectionViewFlexLayout.swift in Sources */,
				AA78BB48218D6D27000B4CD8 /* Reactive+NotificationCenter.swift in Sources */,
				AAC5EB70215E7BB7008EBA1F /* AuthViewController.swift in Sources */,
				AA3E0E802170543D00958937 /* ProductCategory.swift in Sources */,
				AA4B48E42175006100A60C11 /* Reactive+Layout.swift in Sources */,
				AA8978652185658C005A61CA /* Reactive+UIScrollView.swift in Sources */,
				AA4B48FA217768CE00A60C11 /* BaseViewController.swift in Sources */,
				AA4B491F2178883F00A60C11 /* Then.swift in Sources */,
				AAE49F02216BA2EE004BDBD7 /* RegisterViewController.swift in Sources */,
				AAC5EB6E215E7BB7008EBA1F /* AppDelegate.swift in Sources */,
				AA693DC32161FF620063D749 /* NavigationMap.swift in Sources */,
				AA4B49302178EB2500A60C11 /* BannerView.swift in Sources */,
				AA3E0E782170478200958937 /* PullToRefreshUtil.swift in Sources */,
				AA4B493A2179A1DC00A60C11 /* ChannelCell.swift in Sources */,
				AA38DCA7217EF4D70046D82D /* Reactive+StatusBar.swift in Sources */,
				AA8978692185759F005A61CA /* Reactive+UIImageView.swift in Sources */,
				AA3E0E7A21704E6F00958937 /* House.swift in Sources */,
				AA433F03218C491100BA60A1 /* AppDelegate+Push.swift in Sources */,
				AA4B48F221761F7400A60C11 /* AuthError.swift in Sources */,
				AA693DB72160EEB70063D749 /* HomeViewController.swift in Sources */,
				AAE49EFE216AE281004BDBD7 /* Shallows+Rx.swift in Sources */,
				AA3E0E8A2170841700958937 /* HomeInfo.swift in Sources */,
				AAC5EBA5215F5849008EBA1F /* HomeTabViewController.swift in Sources */,
				AAC5EB9B215E7E89008EBA1F /* AuthService.swift in Sources */,
				AAFA6622217D8032000217C9 /* MultipleSectionModel.swift in Sources */,
				AA683A07216F3D5400E4097B /* String+UrlEncode.swift in Sources */,
				AA89786F21858891005A61CA /* TabButton.swift in Sources */,
				AA4B4942217A112200A60C11 /* BaseView.swift in Sources */,
				AA4B491E2178883F00A60C11 /* Reactive+UICollectionViewFlexLayout.swift in Sources */,
				AAC5EB90215E7D56008EBA1F /* AppEnv.swift in Sources */,
				AA4B48F8217736D900A60C11 /* Reactive+OAuth2.swift in Sources */,
				AA420588217B66210068ABC0 /* UIView+Blur.swift in Sources */,
				AA683A09216F434C00E4097B /* Banner.swift in Sources */,
				AA4B48E22174E1D300A60C11 /* Reactive+Reuseable.swift in Sources */,
				AAE49EFA216A2783004BDBD7 /* AppData.swift in Sources */,
				AA6839DE216E0A0500E4097B /* AppLayoutClousures.swift in Sources */,
				AA42058E217B8C680068ABC0 /* ChannelView.swift in Sources */,
				AA38DCA5217EF41F0046D82D /* RxUtil.swift in Sources */,
			);
			runOnlyForDeploymentPostprocessing = 0;
		};
		AAC5EB7A215E7BB9008EBA1F /* Sources */ = {
			isa = PBXSourcesBuildPhase;
			buildActionMask = 2147483647;
			files = (
				AAC5EB83215E7BB9008EBA1F /* ExampleTests.swift in Sources */,
			);
			runOnlyForDeploymentPostprocessing = 0;
		};
/* End PBXSourcesBuildPhase section */

/* Begin PBXTargetDependency section */
		AAC5EB80215E7BB9008EBA1F /* PBXTargetDependency */ = {
			isa = PBXTargetDependency;
			target = AAC5EB69215E7BB7008EBA1F /* Example */;
			targetProxy = AAC5EB7F215E7BB9008EBA1F /* PBXContainerItemProxy */;
		};
/* End PBXTargetDependency section */

/* Begin PBXVariantGroup section */
		AAA920B82198289700EFC581 /* InfoPlist.strings */ = {
			isa = PBXVariantGroup;
			children = (
				AAA920B92198289700EFC581 /* Base */,
				AAA920BC219828F200EFC581 /* zh-Hans */,
			);
			name = InfoPlist.strings;
			sourceTree = "<group>";
		};
		AAC5EB76215E7BB9008EBA1F /* LaunchScreen.storyboard */ = {
			isa = PBXVariantGroup;
			children = (
				AAC5EB77215E7BB9008EBA1F /* Base */,
				AAE49F0E216CCB3D004BDBD7 /* zh-Hans */,
			);
			name = LaunchScreen.storyboard;
			sourceTree = "<group>";
		};
		AAE49F11216CCBCD004BDBD7 /* Localizable.strings */ = {
			isa = PBXVariantGroup;
			children = (
				AAE49F12216CCBCD004BDBD7 /* Base */,
				AAE49F14216CCC6E004BDBD7 /* zh-Hans */,
			);
			name = Localizable.strings;
			sourceTree = "<group>";
		};
/* End PBXVariantGroup section */

/* Begin XCBuildConfiguration section */
		AAC5EB85215E7BB9008EBA1F /* Debug */ = {
			isa = XCBuildConfiguration;
			baseConfigurationReference = AA4B48F3217718EA00A60C11 /* DevConfig.xcconfig */;
			buildSettings = {
				ALWAYS_SEARCH_USER_PATHS = NO;
				CLANG_ANALYZER_LOCALIZABILITY_NONLOCALIZED = YES;
				CLANG_ANALYZER_NONNULL = YES;
				CLANG_ANALYZER_NUMBER_OBJECT_CONVERSION = YES_AGGRESSIVE;
				CLANG_CXX_LANGUAGE_STANDARD = "gnu++14";
				CLANG_CXX_LIBRARY = "libc++";
				CLANG_ENABLE_MODULES = YES;
				CLANG_ENABLE_OBJC_ARC = YES;
				CLANG_ENABLE_OBJC_WEAK = YES;
				CLANG_WARN_BLOCK_CAPTURE_AUTORELEASING = YES;
				CLANG_WARN_BOOL_CONVERSION = YES;
				CLANG_WARN_COMMA = YES;
				CLANG_WARN_CONSTANT_CONVERSION = YES;
				CLANG_WARN_DEPRECATED_OBJC_IMPLEMENTATIONS = YES;
				CLANG_WARN_DIRECT_OBJC_ISA_USAGE = YES_ERROR;
				CLANG_WARN_DOCUMENTATION_COMMENTS = YES;
				CLANG_WARN_EMPTY_BODY = YES;
				CLANG_WARN_ENUM_CONVERSION = YES;
				CLANG_WARN_INFINITE_RECURSION = YES;
				CLANG_WARN_INT_CONVERSION = YES;
				CLANG_WARN_NON_LITERAL_NULL_CONVERSION = YES;
				CLANG_WARN_OBJC_IMPLICIT_RETAIN_SELF = YES;
				CLANG_WARN_OBJC_LITERAL_CONVERSION = YES;
				CLANG_WARN_OBJC_ROOT_CLASS = YES_ERROR;
				CLANG_WARN_RANGE_LOOP_ANALYSIS = YES;
				CLANG_WARN_STRICT_PROTOTYPES = YES;
				CLANG_WARN_SUSPICIOUS_MOVE = YES;
				CLANG_WARN_UNGUARDED_AVAILABILITY = YES_AGGRESSIVE;
				CLANG_WARN_UNREACHABLE_CODE = YES;
				CLANG_WARN__DUPLICATE_METHOD_MATCH = YES;
				CODE_SIGN_IDENTITY = "iPhone Developer";
				COPY_PHASE_STRIP = NO;
				DEBUG_INFORMATION_FORMAT = dwarf;
				ENABLE_STRICT_OBJC_MSGSEND = YES;
				ENABLE_TESTABILITY = YES;
				GCC_C_LANGUAGE_STANDARD = gnu11;
				GCC_DYNAMIC_NO_PIC = NO;
				GCC_NO_COMMON_BLOCKS = YES;
				GCC_OPTIMIZATION_LEVEL = 0;
				GCC_PREPROCESSOR_DEFINITIONS = (
					"DEBUG=1",
					"$(inherited)",
				);
				GCC_WARN_64_TO_32_BIT_CONVERSION = YES;
				GCC_WARN_ABOUT_RETURN_TYPE = YES_ERROR;
				GCC_WARN_UNDECLARED_SELECTOR = YES;
				GCC_WARN_UNINITIALIZED_AUTOS = YES_AGGRESSIVE;
				GCC_WARN_UNUSED_FUNCTION = YES;
				GCC_WARN_UNUSED_VARIABLE = YES;
				IPHONEOS_DEPLOYMENT_TARGET = 9.0;
				MTL_ENABLE_DEBUG_INFO = INCLUDE_SOURCE;
				MTL_FAST_MATH = YES;
				ONLY_ACTIVE_ARCH = YES;
				SDKROOT = iphoneos;
				SWIFT_ACTIVE_COMPILATION_CONDITIONS = DEBUG;
				SWIFT_OPTIMIZATION_LEVEL = "-Onone";
				SWIFT_VERSION = 4.2;
			};
			name = Debug;
		};
		AAC5EB86215E7BB9008EBA1F /* Release */ = {
			isa = XCBuildConfiguration;
			baseConfigurationReference = AA4B48F42177193900A60C11 /* ProdConfig.xcconfig */;
			buildSettings = {
				ALWAYS_SEARCH_USER_PATHS = NO;
				CLANG_ANALYZER_LOCALIZABILITY_NONLOCALIZED = YES;
				CLANG_ANALYZER_NONNULL = YES;
				CLANG_ANALYZER_NUMBER_OBJECT_CONVERSION = YES_AGGRESSIVE;
				CLANG_CXX_LANGUAGE_STANDARD = "gnu++14";
				CLANG_CXX_LIBRARY = "libc++";
				CLANG_ENABLE_MODULES = YES;
				CLANG_ENABLE_OBJC_ARC = YES;
				CLANG_ENABLE_OBJC_WEAK = YES;
				CLANG_WARN_BLOCK_CAPTURE_AUTORELEASING = YES;
				CLANG_WARN_BOOL_CONVERSION = YES;
				CLANG_WARN_COMMA = YES;
				CLANG_WARN_CONSTANT_CONVERSION = YES;
				CLANG_WARN_DEPRECATED_OBJC_IMPLEMENTATIONS = YES;
				CLANG_WARN_DIRECT_OBJC_ISA_USAGE = YES_ERROR;
				CLANG_WARN_DOCUMENTATION_COMMENTS = YES;
				CLANG_WARN_EMPTY_BODY = YES;
				CLANG_WARN_ENUM_CONVERSION = YES;
				CLANG_WARN_INFINITE_RECURSION = YES;
				CLANG_WARN_INT_CONVERSION = YES;
				CLANG_WARN_NON_LITERAL_NULL_CONVERSION = YES;
				CLANG_WARN_OBJC_IMPLICIT_RETAIN_SELF = YES;
				CLANG_WARN_OBJC_LITERAL_CONVERSION = YES;
				CLANG_WARN_OBJC_ROOT_CLASS = YES_ERROR;
				CLANG_WARN_RANGE_LOOP_ANALYSIS = YES;
				CLANG_WARN_STRICT_PROTOTYPES = YES;
				CLANG_WARN_SUSPICIOUS_MOVE = YES;
				CLANG_WARN_UNGUARDED_AVAILABILITY = YES_AGGRESSIVE;
				CLANG_WARN_UNREACHABLE_CODE = YES;
				CLANG_WARN__DUPLICATE_METHOD_MATCH = YES;
				CODE_SIGN_IDENTITY = "iPhone Developer";
				COPY_PHASE_STRIP = NO;
				DEBUG_INFORMATION_FORMAT = "dwarf-with-dsym";
				ENABLE_NS_ASSERTIONS = NO;
				ENABLE_STRICT_OBJC_MSGSEND = YES;
				GCC_C_LANGUAGE_STANDARD = gnu11;
				GCC_NO_COMMON_BLOCKS = YES;
				GCC_WARN_64_TO_32_BIT_CONVERSION = YES;
				GCC_WARN_ABOUT_RETURN_TYPE = YES_ERROR;
				GCC_WARN_UNDECLARED_SELECTOR = YES;
				GCC_WARN_UNINITIALIZED_AUTOS = YES_AGGRESSIVE;
				GCC_WARN_UNUSED_FUNCTION = YES;
				GCC_WARN_UNUSED_VARIABLE = YES;
				IPHONEOS_DEPLOYMENT_TARGET = 9.0;
				MTL_ENABLE_DEBUG_INFO = NO;
				MTL_FAST_MATH = YES;
				SDKROOT = iphoneos;
				SWIFT_COMPILATION_MODE = wholemodule;
				SWIFT_OPTIMIZATION_LEVEL = "-O";
				SWIFT_VERSION = 4.2;
				VALIDATE_PRODUCT = YES;
			};
			name = Release;
		};
		AAC5EB88215E7BB9008EBA1F /* Debug */ = {
			isa = XCBuildConfiguration;
			baseConfigurationReference = AA4B48F3217718EA00A60C11 /* DevConfig.xcconfig */;
			buildSettings = {
				ASSETCATALOG_COMPILER_APPICON_NAME = AppIcon;
				CLANG_ENABLE_MODULES = YES;
				CODE_SIGN_ENTITLEMENTS = Example/Example.entitlements;
				CODE_SIGN_IDENTITY = "iPhone Developer";
				CODE_SIGN_STYLE = Manual;
				CURRENT_PROJECT_VERSION = 4;
				DEVELOPMENT_TEAM = U4F2KFJUHF;
				INFOPLIST_FILE = "$(SRCROOT)/Example/SupportFiles/Info.plist";
				IPHONEOS_DEPLOYMENT_TARGET = 9.0;
				LD_RUNPATH_SEARCH_PATHS = (
					"$(inherited)",
					"@executable_path/Frameworks",
				);
				PRODUCT_BUNDLE_IDENTIFIER = com.twigcodes.Example;
				PRODUCT_NAME = "$(TARGET_NAME)";
				PROVISIONING_PROFILE_SPECIFIER = "match Development com.twigcodes.Example";
				SWIFT_OBJC_BRIDGING_HEADER = "Example/Example-Bridging-Header.h";
				SWIFT_OPTIMIZATION_LEVEL = "-Onone";
				SWIFT_VERSION = 4.2;
				TARGETED_DEVICE_FAMILY = "1,2";
				VERSIONING_SYSTEM = "apple-generic";
			};
			name = Debug;
		};
		AAC5EB89215E7BB9008EBA1F /* Release */ = {
			isa = XCBuildConfiguration;
			baseConfigurationReference = AA4B48F42177193900A60C11 /* ProdConfig.xcconfig */;
			buildSettings = {
				ASSETCATALOG_COMPILER_APPICON_NAME = AppIcon;
				CLANG_ENABLE_MODULES = YES;
				CODE_SIGN_ENTITLEMENTS = Example/Example.entitlements;
				CODE_SIGN_IDENTITY = "iPhone Distribution";
				CODE_SIGN_STYLE = Manual;
				CURRENT_PROJECT_VERSION = 4;
				DEVELOPMENT_TEAM = U4F2KFJUHF;
				INFOPLIST_FILE = "$(SRCROOT)/Example/SupportFiles/Info.plist";
				IPHONEOS_DEPLOYMENT_TARGET = 9.0;
				LD_RUNPATH_SEARCH_PATHS = (
					"$(inherited)",
					"@executable_path/Frameworks",
				);
				PRODUCT_BUNDLE_IDENTIFIER = com.twigcodes.Example;
				PRODUCT_NAME = "$(TARGET_NAME)";
				PROVISIONING_PROFILE_SPECIFIER = "match AppStore com.twigcodes.Example";
				SWIFT_OBJC_BRIDGING_HEADER = "Example/Example-Bridging-Header.h";
				SWIFT_VERSION = 4.2;
				TARGETED_DEVICE_FAMILY = "1,2";
				VERSIONING_SYSTEM = "apple-generic";
			};
			name = Release;
		};
		AAC5EB8B215E7BB9008EBA1F /* Debug */ = {
			isa = XCBuildConfiguration;
			baseConfigurationReference = AA4B48F3217718EA00A60C11 /* DevConfig.xcconfig */;
			buildSettings = {
				ALWAYS_EMBED_SWIFT_STANDARD_LIBRARIES = YES;
				BUNDLE_LOADER = "$(TEST_HOST)";
				CODE_SIGN_STYLE = Manual;
				DEVELOPMENT_TEAM = U4F2KFJUHF;
				INFOPLIST_FILE = ExampleTests/Info.plist;
				LD_RUNPATH_SEARCH_PATHS = (
					"$(inherited)",
					"@executable_path/Frameworks",
					"@loader_path/Frameworks",
				);
				PRODUCT_BUNDLE_IDENTIFIER = com.twigcodes.ExampleTests;
				PRODUCT_NAME = "$(TARGET_NAME)";
				SWIFT_VERSION = 4.2;
				TARGETED_DEVICE_FAMILY = "1,2";
				TEST_HOST = "$(BUILT_PRODUCTS_DIR)/Example.app/Example";
			};
			name = Debug;
		};
		AAC5EB8C215E7BB9008EBA1F /* Release */ = {
			isa = XCBuildConfiguration;
			baseConfigurationReference = AA4B48F42177193900A60C11 /* ProdConfig.xcconfig */;
			buildSettings = {
				ALWAYS_EMBED_SWIFT_STANDARD_LIBRARIES = YES;
				BUNDLE_LOADER = "$(TEST_HOST)";
				CODE_SIGN_STYLE = Manual;
				DEVELOPMENT_TEAM = U4F2KFJUHF;
				INFOPLIST_FILE = ExampleTests/Info.plist;
				LD_RUNPATH_SEARCH_PATHS = (
					"$(inherited)",
					"@executable_path/Frameworks",
					"@loader_path/Frameworks",
				);
				PRODUCT_BUNDLE_IDENTIFIER = com.twigcodes.ExampleTests;
				PRODUCT_NAME = "$(TARGET_NAME)";
				SWIFT_VERSION = 4.2;
				TARGETED_DEVICE_FAMILY = "1,2";
				TEST_HOST = "$(BUILT_PRODUCTS_DIR)/Example.app/Example";
			};
			name = Release;
		};
		AADD25B9218AC3030080DA61 /* Local */ = {
			isa = XCBuildConfiguration;
			baseConfigurationReference = AADD25B8218AC2660080DA61 /* LocalConfig.xcconfig */;
			buildSettings = {
				ALWAYS_SEARCH_USER_PATHS = NO;
				CLANG_ANALYZER_LOCALIZABILITY_NONLOCALIZED = YES;
				CLANG_ANALYZER_NONNULL = YES;
				CLANG_ANALYZER_NUMBER_OBJECT_CONVERSION = YES_AGGRESSIVE;
				CLANG_CXX_LANGUAGE_STANDARD = "gnu++14";
				CLANG_CXX_LIBRARY = "libc++";
				CLANG_ENABLE_MODULES = YES;
				CLANG_ENABLE_OBJC_ARC = YES;
				CLANG_ENABLE_OBJC_WEAK = YES;
				CLANG_WARN_BLOCK_CAPTURE_AUTORELEASING = YES;
				CLANG_WARN_BOOL_CONVERSION = YES;
				CLANG_WARN_COMMA = YES;
				CLANG_WARN_CONSTANT_CONVERSION = YES;
				CLANG_WARN_DEPRECATED_OBJC_IMPLEMENTATIONS = YES;
				CLANG_WARN_DIRECT_OBJC_ISA_USAGE = YES_ERROR;
				CLANG_WARN_DOCUMENTATION_COMMENTS = YES;
				CLANG_WARN_EMPTY_BODY = YES;
				CLANG_WARN_ENUM_CONVERSION = YES;
				CLANG_WARN_INFINITE_RECURSION = YES;
				CLANG_WARN_INT_CONVERSION = YES;
				CLANG_WARN_NON_LITERAL_NULL_CONVERSION = YES;
				CLANG_WARN_OBJC_IMPLICIT_RETAIN_SELF = YES;
				CLANG_WARN_OBJC_LITERAL_CONVERSION = YES;
				CLANG_WARN_OBJC_ROOT_CLASS = YES_ERROR;
				CLANG_WARN_RANGE_LOOP_ANALYSIS = YES;
				CLANG_WARN_STRICT_PROTOTYPES = YES;
				CLANG_WARN_SUSPICIOUS_MOVE = YES;
				CLANG_WARN_UNGUARDED_AVAILABILITY = YES_AGGRESSIVE;
				CLANG_WARN_UNREACHABLE_CODE = YES;
				CLANG_WARN__DUPLICATE_METHOD_MATCH = YES;
				CODE_SIGN_IDENTITY = "iPhone Developer";
				COPY_PHASE_STRIP = NO;
				DEBUG_INFORMATION_FORMAT = dwarf;
				ENABLE_STRICT_OBJC_MSGSEND = YES;
				ENABLE_TESTABILITY = YES;
				GCC_C_LANGUAGE_STANDARD = gnu11;
				GCC_DYNAMIC_NO_PIC = NO;
				GCC_NO_COMMON_BLOCKS = YES;
				GCC_OPTIMIZATION_LEVEL = 0;
				GCC_PREPROCESSOR_DEFINITIONS = (
					"DEBUG=1",
					"$(inherited)",
				);
				GCC_WARN_64_TO_32_BIT_CONVERSION = YES;
				GCC_WARN_ABOUT_RETURN_TYPE = YES_ERROR;
				GCC_WARN_UNDECLARED_SELECTOR = YES;
				GCC_WARN_UNINITIALIZED_AUTOS = YES_AGGRESSIVE;
				GCC_WARN_UNUSED_FUNCTION = YES;
				GCC_WARN_UNUSED_VARIABLE = YES;
				IPHONEOS_DEPLOYMENT_TARGET = 9.0;
				MTL_ENABLE_DEBUG_INFO = INCLUDE_SOURCE;
				MTL_FAST_MATH = YES;
				ONLY_ACTIVE_ARCH = YES;
				SDKROOT = iphoneos;
				SWIFT_ACTIVE_COMPILATION_CONDITIONS = DEBUG;
				SWIFT_OPTIMIZATION_LEVEL = "-Onone";
				SWIFT_VERSION = 4.2;
			};
			name = Local;
		};
		AADD25BA218AC3030080DA61 /* Local */ = {
			isa = XCBuildConfiguration;
			baseConfigurationReference = AADD25B8218AC2660080DA61 /* LocalConfig.xcconfig */;
			buildSettings = {
				ASSETCATALOG_COMPILER_APPICON_NAME = AppIcon;
				CLANG_ENABLE_MODULES = YES;
				CODE_SIGN_ENTITLEMENTS = Example/Example.entitlements;
				CODE_SIGN_IDENTITY = "iPhone Developer";
				CODE_SIGN_STYLE = Manual;
				CURRENT_PROJECT_VERSION = 4;
				DEVELOPMENT_TEAM = U4F2KFJUHF;
				INFOPLIST_FILE = "$(SRCROOT)/Example/SupportFiles/Info.plist";
				IPHONEOS_DEPLOYMENT_TARGET = 9.0;
				LD_RUNPATH_SEARCH_PATHS = (
					"$(inherited)",
					"@executable_path/Frameworks",
				);
				PRODUCT_BUNDLE_IDENTIFIER = com.twigcodes.Example;
				PRODUCT_NAME = "$(TARGET_NAME)";
				PROVISIONING_PROFILE_SPECIFIER = "match Development com.twigcodes.Example";
				SWIFT_OBJC_BRIDGING_HEADER = "Example/Example-Bridging-Header.h";
				SWIFT_OPTIMIZATION_LEVEL = "-Onone";
				SWIFT_VERSION = 4.2;
				TARGETED_DEVICE_FAMILY = "1,2";
				VERSIONING_SYSTEM = "apple-generic";
			};
			name = Local;
		};
		AADD25BB218AC3030080DA61 /* Local */ = {
			isa = XCBuildConfiguration;
			baseConfigurationReference = AADD25B8218AC2660080DA61 /* LocalConfig.xcconfig */;
			buildSettings = {
				ALWAYS_EMBED_SWIFT_STANDARD_LIBRARIES = YES;
				BUNDLE_LOADER = "$(TEST_HOST)";
				CODE_SIGN_STYLE = Manual;
				DEVELOPMENT_TEAM = U4F2KFJUHF;
				INFOPLIST_FILE = ExampleTests/Info.plist;
				LD_RUNPATH_SEARCH_PATHS = (
					"$(inherited)",
					"@executable_path/Frameworks",
					"@loader_path/Frameworks",
				);
				PRODUCT_BUNDLE_IDENTIFIER = com.twigcodes.ExampleTests;
				PRODUCT_NAME = "$(TARGET_NAME)";
				SWIFT_VERSION = 4.2;
				TARGETED_DEVICE_FAMILY = "1,2";
				TEST_HOST = "$(BUILT_PRODUCTS_DIR)/Example.app/Example";
			};
			name = Local;
		};
/* End XCBuildConfiguration section */

/* Begin XCConfigurationList section */
		AAC5EB65215E7BB7008EBA1F /* Build configuration list for PBXProject "Example" */ = {
			isa = XCConfigurationList;
			buildConfigurations = (
				AAC5EB85215E7BB9008EBA1F /* Debug */,
				AADD25B9218AC3030080DA61 /* Local */,
				AAC5EB86215E7BB9008EBA1F /* Release */,
			);
			defaultConfigurationIsVisible = 0;
			defaultConfigurationName = Release;
		};
		AAC5EB87215E7BB9008EBA1F /* Build configuration list for PBXNativeTarget "Example" */ = {
			isa = XCConfigurationList;
			buildConfigurations = (
				AAC5EB88215E7BB9008EBA1F /* Debug */,
				AADD25BA218AC3030080DA61 /* Local */,
				AAC5EB89215E7BB9008EBA1F /* Release */,
			);
			defaultConfigurationIsVisible = 0;
			defaultConfigurationName = Release;
		};
		AAC5EB8A215E7BB9008EBA1F /* Build configuration list for PBXNativeTarget "ExampleTests" */ = {
			isa = XCConfigurationList;
			buildConfigurations = (
				AAC5EB8B215E7BB9008EBA1F /* Debug */,
				AADD25BB218AC3030080DA61 /* Local */,
				AAC5EB8C215E7BB9008EBA1F /* Release */,
			);
			defaultConfigurationIsVisible = 0;
			defaultConfigurationName = Release;
		};
/* End XCConfigurationList section */
	};
	rootObject = AAC5EB62215E7BB7008EBA1F /* Project object */;
}
